// !$*UTF8*$!
{
	archiveVersion = 1;
	classes = {
	};
	objectVersion = 46;
	objects = {

/* Begin PBXBuildFile section */
		AF116A131654266000F8D45B /* UIKit.framework in Frameworks */ = {isa = PBXBuildFile; fileRef = AF116A121654266000F8D45B /* UIKit.framework */; };
		AF116A151654266000F8D45B /* Foundation.framework in Frameworks */ = {isa = PBXBuildFile; fileRef = AF116A141654266000F8D45B /* Foundation.framework */; };
		AF116A171654266000F8D45B /* CoreGraphics.framework in Frameworks */ = {isa = PBXBuildFile; fileRef = AF116A161654266000F8D45B /* CoreGraphics.framework */; };
		AF116A1D1654266000F8D45B /* InfoPlist.strings in Resources */ = {isa = PBXBuildFile; fileRef = AF116A1B1654266000F8D45B /* InfoPlist.strings */; };
		AF116A1F1654266000F8D45B /* main.m in Sources */ = {isa = PBXBuildFile; fileRef = AF116A1E1654266000F8D45B /* main.m */; };
		AF116A231654266000F8D45B /* _AppDelegate.m in Sources */ = {isa = PBXBuildFile; fileRef = AF116A221654266000F8D45B /* _AppDelegate.m */; };
		AF116A251654266000F8D45B /* Default.png in Resources */ = {isa = PBXBuildFile; fileRef = AF116A241654266000F8D45B /* Default.png */; };
		AF116A271654266000F8D45B /* Default@2x.png in Resources */ = {isa = PBXBuildFile; fileRef = AF116A261654266000F8D45B /* Default@2x.png */; };
		AF116A291654266000F8D45B /* Default-568h@2x.png in Resources */ = {isa = PBXBuildFile; fileRef = AF116A281654266000F8D45B /* Default-568h@2x.png */; };
		AF116A3D16542B5F00F8D45B /* PhotoViewerViewController.m in Sources */ = {isa = PBXBuildFile; fileRef = AF116A3B16542B5F00F8D45B /* PhotoViewerViewController.m */; };
		AF116A3E16542B5F00F8D45B /* PhotoViewerViewController.xib in Resources */ = {isa = PBXBuildFile; fileRef = AF116A3C16542B5F00F8D45B /* PhotoViewerViewController.xib */; };
		AF17F3DE1654CF5700CF0D7E /* ASIAuthenticationDialog.m in Sources */ = {isa = PBXBuildFile; fileRef = AF17F38D1654CF5700CF0D7E /* ASIAuthenticationDialog.m */; settings = {COMPILER_FLAGS = "-fno-objc-arc"; }; };
		AF17F3DF1654CF5700CF0D7E /* ASIDataCompressor.m in Sources */ = {isa = PBXBuildFile; fileRef = AF17F3901654CF5700CF0D7E /* ASIDataCompressor.m */; settings = {COMPILER_FLAGS = "-fno-objc-arc"; }; };
		AF17F3E01654CF5700CF0D7E /* ASIDataDecompressor.m in Sources */ = {isa = PBXBuildFile; fileRef = AF17F3921654CF5700CF0D7E /* ASIDataDecompressor.m */; settings = {COMPILER_FLAGS = "-fno-objc-arc"; }; };
		AF17F3E11654CF5700CF0D7E /* ASIDownloadCache.m in Sources */ = {isa = PBXBuildFile; fileRef = AF17F3941654CF5700CF0D7E /* ASIDownloadCache.m */; settings = {COMPILER_FLAGS = "-fno-objc-arc"; }; };
		AF17F3E21654CF5700CF0D7E /* ASIFormDataRequest.m in Sources */ = {isa = PBXBuildFile; fileRef = AF17F3961654CF5700CF0D7E /* ASIFormDataRequest.m */; settings = {COMPILER_FLAGS = "-fno-objc-arc"; }; };
		AF17F3E31654CF5700CF0D7E /* ASIHTTPRequest.m in Sources */ = {isa = PBXBuildFile; fileRef = AF17F3981654CF5700CF0D7E /* ASIHTTPRequest.m */; settings = {COMPILER_FLAGS = "-fno-objc-arc"; }; };
		AF17F3E41654CF5700CF0D7E /* ASIInputStream.m in Sources */ = {isa = PBXBuildFile; fileRef = AF17F39C1654CF5700CF0D7E /* ASIInputStream.m */; settings = {COMPILER_FLAGS = "-fno-objc-arc"; }; };
		AF17F3E51654CF5700CF0D7E /* ASINetworkQueue.m in Sources */ = {isa = PBXBuildFile; fileRef = AF17F39E1654CF5700CF0D7E /* ASINetworkQueue.m */; settings = {COMPILER_FLAGS = "-fno-objc-arc"; }; };
		AF17F4051654CFA900CF0D7E /* MobileCoreServices.framework in Frameworks */ = {isa = PBXBuildFile; fileRef = AF17F4041654CFA900CF0D7E /* MobileCoreServices.framework */; };
		AF17F4071654CFB000CF0D7E /* libz.dylib in Frameworks */ = {isa = PBXBuildFile; fileRef = AF17F4061654CFB000CF0D7E /* libz.dylib */; };
		AF17F4091654CFBA00CF0D7E /* CFNetwork.framework in Frameworks */ = {isa = PBXBuildFile; fileRef = AF17F4081654CFBA00CF0D7E /* CFNetwork.framework */; };
		AF297ABF1655E7E6007785E7 /* arrow_left.png in Resources */ = {isa = PBXBuildFile; fileRef = AF297AAD1655E7E6007785E7 /* arrow_left.png */; };
		AF297AC01655E7E6007785E7 /* arrow_left@2x.png in Resources */ = {isa = PBXBuildFile; fileRef = AF297AAE1655E7E6007785E7 /* arrow_left@2x.png */; };
		AF297AC11655E7E6007785E7 /* arrow_right.png in Resources */ = {isa = PBXBuildFile; fileRef = AF297AAF1655E7E6007785E7 /* arrow_right.png */; };
		AF297AC21655E7E6007785E7 /* arrow_right@2x.png in Resources */ = {isa = PBXBuildFile; fileRef = AF297AB01655E7E6007785E7 /* arrow_right@2x.png */; };
		AF297AC31655E7E6007785E7 /* background_linen.png in Resources */ = {isa = PBXBuildFile; fileRef = AF297AB11655E7E6007785E7 /* background_linen.png */; };
		AF297AC41655E7E6007785E7 /* background_linen@2x.png in Resources */ = {isa = PBXBuildFile; fileRef = AF297AB21655E7E6007785E7 /* background_linen@2x.png */; };
		AF297AC51655E7E6007785E7 /* background-fabric-grey-iphone.png in Resources */ = {isa = PBXBuildFile; fileRef = AF297AB31655E7E6007785E7 /* background-fabric-grey-iphone.png */; };
		AF297AC61655E7E6007785E7 /* background-fabric-grey-iphone@2x.png in Resources */ = {isa = PBXBuildFile; fileRef = AF297AB41655E7E6007785E7 /* background-fabric-grey-iphone@2x.png */; };
		AF297AC71655E7E6007785E7 /* header_bar_dark_grey.png in Resources */ = {isa = PBXBuildFile; fileRef = AF297AB51655E7E6007785E7 /* header_bar_dark_grey.png */; };
		AF297AC81655E7E6007785E7 /* header_bar_dark_grey@2x.png in Resources */ = {isa = PBXBuildFile; fileRef = AF297AB61655E7E6007785E7 /* header_bar_dark_grey@2x.png */; };
		AF297AC91655E7E6007785E7 /* nav_bar_app.png in Resources */ = {isa = PBXBuildFile; fileRef = AF297AB71655E7E6007785E7 /* nav_bar_app.png */; };
		AF297ACA1655E7E6007785E7 /* nav_bar_app@2x.png in Resources */ = {isa = PBXBuildFile; fileRef = AF297AB81655E7E6007785E7 /* nav_bar_app@2x.png */; };
		AF297ACB1655E7E6007785E7 /* no_image.png in Resources */ = {isa = PBXBuildFile; fileRef = AF297AB91655E7E6007785E7 /* no_image.png */; };
		AF297ACC1655E7E6007785E7 /* no_image@2x.png in Resources */ = {isa = PBXBuildFile; fileRef = AF297ABA1655E7E6007785E7 /* no_image@2x.png */; };
		AF297ACD1655E7E6007785E7 /* search_bar_dark_grey.png in Resources */ = {isa = PBXBuildFile; fileRef = AF297ABB1655E7E6007785E7 /* search_bar_dark_grey.png */; };
		AF297ACE1655E7E6007785E7 /* search_bar_dark_grey@2x.png in Resources */ = {isa = PBXBuildFile; fileRef = AF297ABC1655E7E6007785E7 /* search_bar_dark_grey@2x.png */; };
		AF297ACF1655E7E6007785E7 /* shadow_bottom.png in Resources */ = {isa = PBXBuildFile; fileRef = AF297ABD1655E7E6007785E7 /* shadow_bottom.png */; };
		AF297AD01655E7E6007785E7 /* shadow_bottom@2x.png in Resources */ = {isa = PBXBuildFile; fileRef = AF297ABE1655E7E6007785E7 /* shadow_bottom@2x.png */; };
		AF4B49D21655A4240000C8AA /* CollectionCell.m in Sources */ = {isa = PBXBuildFile; fileRef = AF4B49CD1655A4240000C8AA /* CollectionCell.m */; };
		AF4B49D41655A4240000C8AA /* MainStoryboard.storyboard in Resources */ = {isa = PBXBuildFile; fileRef = AF4B49D01655A4240000C8AA /* MainStoryboard.storyboard */; };
		AF4DB7D21654E86D00703531 /* QuartzCore.framework in Frameworks */ = {isa = PBXBuildFile; fileRef = AF4DB7D11654E86D00703531 /* QuartzCore.framework */; };
		AF860D1A16547D54004E05D2 /* DataManager.m in Sources */ = {isa = PBXBuildFile; fileRef = AF860D1916547D54004E05D2 /* DataManager.m */; };
		AF9539181655E0280000390C /* background-fabric-grey-iphone.png in Resources */ = {isa = PBXBuildFile; fileRef = AF9539161655E0280000390C /* background-fabric-grey-iphone.png */; };
		AF9539191655E0280000390C /* background-fabric-grey-iphone@2x.png in Resources */ = {isa = PBXBuildFile; fileRef = AF9539171655E0280000390C /* background-fabric-grey-iphone@2x.png */; };
		AF9967921655C1070051B476 /* CollectionViewController.m in Sources */ = {isa = PBXBuildFile; fileRef = AF9967911655C1070051B476 /* CollectionViewController.m */; };
		AFB04F5A16543A6900451D6E /* background_linen.png in Resources */ = {isa = PBXBuildFile; fileRef = AFB04F5216543A6900451D6E /* background_linen.png */; };
		AFB04F5B16543A6900451D6E /* background_linen@2x.png in Resources */ = {isa = PBXBuildFile; fileRef = AFB04F5316543A6900451D6E /* background_linen@2x.png */; };
		AFB04F6316543AF300451D6E /* MediaItem.m in Sources */ = {isa = PBXBuildFile; fileRef = AFB04F6216543AF300451D6E /* MediaItem.m */; };
		AFB04F6616543BF000451D6E /* SyncManager.m in Sources */ = {isa = PBXBuildFile; fileRef = AFB04F6516543BEF00451D6E /* SyncManager.m */; };
		AFB04FE616543DAC00451D6E /* Reachability.m in Sources */ = {isa = PBXBuildFile; fileRef = AFB04FCE16543DAC00451D6E /* Reachability.m */; };
		AFB050D3165446CB00451D6E /* SystemConfiguration.framework in Frameworks */ = {isa = PBXBuildFile; fileRef = AFB04FF716543F5900451D6E /* SystemConfiguration.framework */; };
		AFB051BA1654532200451D6E /* SMWebRequest.m in Sources */ = {isa = PBXBuildFile; fileRef = AFB051B91654532200451D6E /* SMWebRequest.m */; settings = {COMPILER_FLAGS = "-fno-objc-arc"; }; };
		AFB051BD1654579400451D6E /* SMXMLDocument.m in Sources */ = {isa = PBXBuildFile; fileRef = AFB051BC1654579300451D6E /* SMXMLDocument.m */; settings = {COMPILER_FLAGS = "-fno-objc-arc"; }; };
/* End PBXBuildFile section */

/* Begin PBXFileReference section */
		AF116A0E1654266000F8D45B /* flickrShare.app */ = {isa = PBXFileReference; explicitFileType = wrapper.application; includeInIndex = 0; path = flickrShare.app; sourceTree = BUILT_PRODUCTS_DIR; };
		AF116A121654266000F8D45B /* UIKit.framework */ = {isa = PBXFileReference; lastKnownFileType = wrapper.framework; name = UIKit.framework; path = System/Library/Frameworks/UIKit.framework; sourceTree = SDKROOT; };
		AF116A141654266000F8D45B /* Foundation.framework */ = {isa = PBXFileReference; lastKnownFileType = wrapper.framework; name = Foundation.framework; path = System/Library/Frameworks/Foundation.framework; sourceTree = SDKROOT; };
		AF116A161654266000F8D45B /* CoreGraphics.framework */ = {isa = PBXFileReference; lastKnownFileType = wrapper.framework; name = CoreGraphics.framework; path = System/Library/Frameworks/CoreGraphics.framework; sourceTree = SDKROOT; };
		AF116A1A1654266000F8D45B /* flickrShare-Info.plist */ = {isa = PBXFileReference; lastKnownFileType = text.plist.xml; path = "flickrShare-Info.plist"; sourceTree = "<group>"; };
		AF116A1C1654266000F8D45B /* en */ = {isa = PBXFileReference; lastKnownFileType = text.plist.strings; name = en; path = en.lproj/InfoPlist.strings; sourceTree = "<group>"; };
		AF116A1E1654266000F8D45B /* main.m */ = {isa = PBXFileReference; lastKnownFileType = sourcecode.c.objc; path = main.m; sourceTree = "<group>"; };
		AF116A201654266000F8D45B /* flickrShare-Prefix.pch */ = {isa = PBXFileReference; lastKnownFileType = sourcecode.c.h; path = "flickrShare-Prefix.pch"; sourceTree = "<group>"; };
		AF116A211654266000F8D45B /* _AppDelegate.h */ = {isa = PBXFileReference; lastKnownFileType = sourcecode.c.h; path = _AppDelegate.h; sourceTree = "<group>"; };
		AF116A221654266000F8D45B /* _AppDelegate.m */ = {isa = PBXFileReference; lastKnownFileType = sourcecode.c.objc; path = _AppDelegate.m; sourceTree = "<group>"; };
		AF116A241654266000F8D45B /* Default.png */ = {isa = PBXFileReference; lastKnownFileType = image.png; path = Default.png; sourceTree = "<group>"; };
		AF116A261654266000F8D45B /* Default@2x.png */ = {isa = PBXFileReference; lastKnownFileType = image.png; path = "Default@2x.png"; sourceTree = "<group>"; };
		AF116A281654266000F8D45B /* Default-568h@2x.png */ = {isa = PBXFileReference; lastKnownFileType = image.png; path = "Default-568h@2x.png"; sourceTree = "<group>"; };
		AF116A3A16542B5F00F8D45B /* PhotoViewerViewController.h */ = {isa = PBXFileReference; fileEncoding = 4; lastKnownFileType = sourcecode.c.h; path = PhotoViewerViewController.h; sourceTree = "<group>"; };
		AF116A3B16542B5F00F8D45B /* PhotoViewerViewController.m */ = {isa = PBXFileReference; fileEncoding = 4; lastKnownFileType = sourcecode.c.objc; path = PhotoViewerViewController.m; sourceTree = "<group>"; };
		AF116A3C16542B5F00F8D45B /* PhotoViewerViewController.xib */ = {isa = PBXFileReference; fileEncoding = 4; lastKnownFileType = file.xib; path = PhotoViewerViewController.xib; sourceTree = "<group>"; };
		AF17F38C1654CF5700CF0D7E /* ASIAuthenticationDialog.h */ = {isa = PBXFileReference; fileEncoding = 4; lastKnownFileType = sourcecode.c.h; path = ASIAuthenticationDialog.h; sourceTree = "<group>"; };
		AF17F38D1654CF5700CF0D7E /* ASIAuthenticationDialog.m */ = {isa = PBXFileReference; fileEncoding = 4; lastKnownFileType = sourcecode.c.objc; path = ASIAuthenticationDialog.m; sourceTree = "<group>"; };
		AF17F38E1654CF5700CF0D7E /* ASICacheDelegate.h */ = {isa = PBXFileReference; fileEncoding = 4; lastKnownFileType = sourcecode.c.h; path = ASICacheDelegate.h; sourceTree = "<group>"; };
		AF17F38F1654CF5700CF0D7E /* ASIDataCompressor.h */ = {isa = PBXFileReference; fileEncoding = 4; lastKnownFileType = sourcecode.c.h; path = ASIDataCompressor.h; sourceTree = "<group>"; };
		AF17F3901654CF5700CF0D7E /* ASIDataCompressor.m */ = {isa = PBXFileReference; fileEncoding = 4; lastKnownFileType = sourcecode.c.objc; path = ASIDataCompressor.m; sourceTree = "<group>"; };
		AF17F3911654CF5700CF0D7E /* ASIDataDecompressor.h */ = {isa = PBXFileReference; fileEncoding = 4; lastKnownFileType = sourcecode.c.h; path = ASIDataDecompressor.h; sourceTree = "<group>"; };
		AF17F3921654CF5700CF0D7E /* ASIDataDecompressor.m */ = {isa = PBXFileReference; fileEncoding = 4; lastKnownFileType = sourcecode.c.objc; path = ASIDataDecompressor.m; sourceTree = "<group>"; };
		AF17F3931654CF5700CF0D7E /* ASIDownloadCache.h */ = {isa = PBXFileReference; fileEncoding = 4; lastKnownFileType = sourcecode.c.h; path = ASIDownloadCache.h; sourceTree = "<group>"; };
		AF17F3941654CF5700CF0D7E /* ASIDownloadCache.m */ = {isa = PBXFileReference; fileEncoding = 4; lastKnownFileType = sourcecode.c.objc; path = ASIDownloadCache.m; sourceTree = "<group>"; };
		AF17F3951654CF5700CF0D7E /* ASIFormDataRequest.h */ = {isa = PBXFileReference; fileEncoding = 4; lastKnownFileType = sourcecode.c.h; path = ASIFormDataRequest.h; sourceTree = "<group>"; };
		AF17F3961654CF5700CF0D7E /* ASIFormDataRequest.m */ = {isa = PBXFileReference; fileEncoding = 4; lastKnownFileType = sourcecode.c.objc; path = ASIFormDataRequest.m; sourceTree = "<group>"; };
		AF17F3971654CF5700CF0D7E /* ASIHTTPRequest.h */ = {isa = PBXFileReference; fileEncoding = 4; lastKnownFileType = sourcecode.c.h; path = ASIHTTPRequest.h; sourceTree = "<group>"; };
		AF17F3981654CF5700CF0D7E /* ASIHTTPRequest.m */ = {isa = PBXFileReference; fileEncoding = 4; lastKnownFileType = sourcecode.c.objc; path = ASIHTTPRequest.m; sourceTree = "<group>"; };
		AF17F3991654CF5700CF0D7E /* ASIHTTPRequestConfig.h */ = {isa = PBXFileReference; fileEncoding = 4; lastKnownFileType = sourcecode.c.h; path = ASIHTTPRequestConfig.h; sourceTree = "<group>"; };
		AF17F39A1654CF5700CF0D7E /* ASIHTTPRequestDelegate.h */ = {isa = PBXFileReference; fileEncoding = 4; lastKnownFileType = sourcecode.c.h; path = ASIHTTPRequestDelegate.h; sourceTree = "<group>"; };
		AF17F39B1654CF5700CF0D7E /* ASIInputStream.h */ = {isa = PBXFileReference; fileEncoding = 4; lastKnownFileType = sourcecode.c.h; path = ASIInputStream.h; sourceTree = "<group>"; };
		AF17F39C1654CF5700CF0D7E /* ASIInputStream.m */ = {isa = PBXFileReference; fileEncoding = 4; lastKnownFileType = sourcecode.c.objc; path = ASIInputStream.m; sourceTree = "<group>"; };
		AF17F39D1654CF5700CF0D7E /* ASINetworkQueue.h */ = {isa = PBXFileReference; fileEncoding = 4; lastKnownFileType = sourcecode.c.h; path = ASINetworkQueue.h; sourceTree = "<group>"; };
		AF17F39E1654CF5700CF0D7E /* ASINetworkQueue.m */ = {isa = PBXFileReference; fileEncoding = 4; lastKnownFileType = sourcecode.c.objc; path = ASINetworkQueue.m; sourceTree = "<group>"; };
		AF17F39F1654CF5700CF0D7E /* ASIProgressDelegate.h */ = {isa = PBXFileReference; fileEncoding = 4; lastKnownFileType = sourcecode.c.h; path = ASIProgressDelegate.h; sourceTree = "<group>"; };
		AF17F3A11654CF5700CF0D7E /* ASIWebPageRequest.h */ = {isa = PBXFileReference; fileEncoding = 4; lastKnownFileType = sourcecode.c.h; path = ASIWebPageRequest.h; sourceTree = "<group>"; };
		AF17F3A21654CF5700CF0D7E /* ASIWebPageRequest.m */ = {isa = PBXFileReference; fileEncoding = 4; lastKnownFileType = sourcecode.c.objc; path = ASIWebPageRequest.m; sourceTree = "<group>"; };
		AF17F3A41654CF5700CF0D7E /* ASICloudFilesCDNRequest.h */ = {isa = PBXFileReference; fileEncoding = 4; lastKnownFileType = sourcecode.c.h; path = ASICloudFilesCDNRequest.h; sourceTree = "<group>"; };
		AF17F3A51654CF5700CF0D7E /* ASICloudFilesCDNRequest.m */ = {isa = PBXFileReference; fileEncoding = 4; lastKnownFileType = sourcecode.c.objc; path = ASICloudFilesCDNRequest.m; sourceTree = "<group>"; };
		AF17F3A61654CF5700CF0D7E /* ASICloudFilesContainer.h */ = {isa = PBXFileReference; fileEncoding = 4; lastKnownFileType = sourcecode.c.h; path = ASICloudFilesContainer.h; sourceTree = "<group>"; };
		AF17F3A71654CF5700CF0D7E /* ASICloudFilesContainer.m */ = {isa = PBXFileReference; fileEncoding = 4; lastKnownFileType = sourcecode.c.objc; path = ASICloudFilesContainer.m; sourceTree = "<group>"; };
		AF17F3A81654CF5700CF0D7E /* ASICloudFilesContainerRequest.h */ = {isa = PBXFileReference; fileEncoding = 4; lastKnownFileType = sourcecode.c.h; path = ASICloudFilesContainerRequest.h; sourceTree = "<group>"; };
		AF17F3A91654CF5700CF0D7E /* ASICloudFilesContainerRequest.m */ = {isa = PBXFileReference; fileEncoding = 4; lastKnownFileType = sourcecode.c.objc; path = ASICloudFilesContainerRequest.m; sourceTree = "<group>"; };
		AF17F3AA1654CF5700CF0D7E /* ASICloudFilesContainerXMLParserDelegate.h */ = {isa = PBXFileReference; fileEncoding = 4; lastKnownFileType = sourcecode.c.h; path = ASICloudFilesContainerXMLParserDelegate.h; sourceTree = "<group>"; };
		AF17F3AB1654CF5700CF0D7E /* ASICloudFilesContainerXMLParserDelegate.m */ = {isa = PBXFileReference; fileEncoding = 4; lastKnownFileType = sourcecode.c.objc; path = ASICloudFilesContainerXMLParserDelegate.m; sourceTree = "<group>"; };
		AF17F3AC1654CF5700CF0D7E /* ASICloudFilesObject.h */ = {isa = PBXFileReference; fileEncoding = 4; lastKnownFileType = sourcecode.c.h; path = ASICloudFilesObject.h; sourceTree = "<group>"; };
		AF17F3AD1654CF5700CF0D7E /* ASICloudFilesObject.m */ = {isa = PBXFileReference; fileEncoding = 4; lastKnownFileType = sourcecode.c.objc; path = ASICloudFilesObject.m; sourceTree = "<group>"; };
		AF17F3AE1654CF5700CF0D7E /* ASICloudFilesObjectRequest.h */ = {isa = PBXFileReference; fileEncoding = 4; lastKnownFileType = sourcecode.c.h; path = ASICloudFilesObjectRequest.h; sourceTree = "<group>"; };
		AF17F3AF1654CF5700CF0D7E /* ASICloudFilesObjectRequest.m */ = {isa = PBXFileReference; fileEncoding = 4; lastKnownFileType = sourcecode.c.objc; path = ASICloudFilesObjectRequest.m; sourceTree = "<group>"; };
		AF17F3B01654CF5700CF0D7E /* ASICloudFilesRequest.h */ = {isa = PBXFileReference; fileEncoding = 4; lastKnownFileType = sourcecode.c.h; path = ASICloudFilesRequest.h; sourceTree = "<group>"; };
		AF17F3B11654CF5700CF0D7E /* ASICloudFilesRequest.m */ = {isa = PBXFileReference; fileEncoding = 4; lastKnownFileType = sourcecode.c.objc; path = ASICloudFilesRequest.m; sourceTree = "<group>"; };
		AF17F3B31654CF5700CF0D7E /* ASINSXMLParserCompat.h */ = {isa = PBXFileReference; fileEncoding = 4; lastKnownFileType = sourcecode.c.h; path = ASINSXMLParserCompat.h; sourceTree = "<group>"; };
		AF17F3B41654CF5700CF0D7E /* ASIS3Bucket.h */ = {isa = PBXFileReference; fileEncoding = 4; lastKnownFileType = sourcecode.c.h; path = ASIS3Bucket.h; sourceTree = "<group>"; };
		AF17F3B51654CF5700CF0D7E /* ASIS3Bucket.m */ = {isa = PBXFileReference; fileEncoding = 4; lastKnownFileType = sourcecode.c.objc; path = ASIS3Bucket.m; sourceTree = "<group>"; };
		AF17F3B61654CF5700CF0D7E /* ASIS3BucketObject.h */ = {isa = PBXFileReference; fileEncoding = 4; lastKnownFileType = sourcecode.c.h; path = ASIS3BucketObject.h; sourceTree = "<group>"; };
		AF17F3B71654CF5700CF0D7E /* ASIS3BucketObject.m */ = {isa = PBXFileReference; fileEncoding = 4; lastKnownFileType = sourcecode.c.objc; path = ASIS3BucketObject.m; sourceTree = "<group>"; };
		AF17F3B81654CF5700CF0D7E /* ASIS3BucketRequest.h */ = {isa = PBXFileReference; fileEncoding = 4; lastKnownFileType = sourcecode.c.h; path = ASIS3BucketRequest.h; sourceTree = "<group>"; };
		AF17F3B91654CF5700CF0D7E /* ASIS3BucketRequest.m */ = {isa = PBXFileReference; fileEncoding = 4; lastKnownFileType = sourcecode.c.objc; path = ASIS3BucketRequest.m; sourceTree = "<group>"; };
		AF17F3BA1654CF5700CF0D7E /* ASIS3ObjectRequest.h */ = {isa = PBXFileReference; fileEncoding = 4; lastKnownFileType = sourcecode.c.h; path = ASIS3ObjectRequest.h; sourceTree = "<group>"; };
		AF17F3BB1654CF5700CF0D7E /* ASIS3ObjectRequest.m */ = {isa = PBXFileReference; fileEncoding = 4; lastKnownFileType = sourcecode.c.objc; path = ASIS3ObjectRequest.m; sourceTree = "<group>"; };
		AF17F3BC1654CF5700CF0D7E /* ASIS3Request.h */ = {isa = PBXFileReference; fileEncoding = 4; lastKnownFileType = sourcecode.c.h; path = ASIS3Request.h; sourceTree = "<group>"; };
		AF17F3BD1654CF5700CF0D7E /* ASIS3Request.m */ = {isa = PBXFileReference; fileEncoding = 4; lastKnownFileType = sourcecode.c.objc; path = ASIS3Request.m; sourceTree = "<group>"; };
		AF17F3BE1654CF5700CF0D7E /* ASIS3ServiceRequest.h */ = {isa = PBXFileReference; fileEncoding = 4; lastKnownFileType = sourcecode.c.h; path = ASIS3ServiceRequest.h; sourceTree = "<group>"; };
		AF17F3BF1654CF5700CF0D7E /* ASIS3ServiceRequest.m */ = {isa = PBXFileReference; fileEncoding = 4; lastKnownFileType = sourcecode.c.objc; path = ASIS3ServiceRequest.m; sourceTree = "<group>"; };
		AF17F3C11654CF5700CF0D7E /* ASICloudFilesRequestTests.h */ = {isa = PBXFileReference; fileEncoding = 4; lastKnownFileType = sourcecode.c.h; path = ASICloudFilesRequestTests.h; sourceTree = "<group>"; };
		AF17F3C21654CF5700CF0D7E /* ASICloudFilesRequestTests.m */ = {isa = PBXFileReference; fileEncoding = 4; lastKnownFileType = sourcecode.c.objc; path = ASICloudFilesRequestTests.m; sourceTree = "<group>"; };
		AF17F3C31654CF5700CF0D7E /* ASIDataCompressorTests.h */ = {isa = PBXFileReference; fileEncoding = 4; lastKnownFileType = sourcecode.c.h; path = ASIDataCompressorTests.h; sourceTree = "<group>"; };
		AF17F3C41654CF5700CF0D7E /* ASIDataCompressorTests.m */ = {isa = PBXFileReference; fileEncoding = 4; lastKnownFileType = sourcecode.c.objc; path = ASIDataCompressorTests.m; sourceTree = "<group>"; };
		AF17F3C51654CF5700CF0D7E /* ASIDownloadCacheTests.h */ = {isa = PBXFileReference; fileEncoding = 4; lastKnownFileType = sourcecode.c.h; path = ASIDownloadCacheTests.h; sourceTree = "<group>"; };
		AF17F3C61654CF5700CF0D7E /* ASIDownloadCacheTests.m */ = {isa = PBXFileReference; fileEncoding = 4; lastKnownFileType = sourcecode.c.objc; path = ASIDownloadCacheTests.m; sourceTree = "<group>"; };
		AF17F3C71654CF5700CF0D7E /* ASIFormDataRequestTests.h */ = {isa = PBXFileReference; fileEncoding = 4; lastKnownFileType = sourcecode.c.h; path = ASIFormDataRequestTests.h; sourceTree = "<group>"; };
		AF17F3C81654CF5700CF0D7E /* ASIFormDataRequestTests.m */ = {isa = PBXFileReference; fileEncoding = 4; lastKnownFileType = sourcecode.c.objc; path = ASIFormDataRequestTests.m; sourceTree = "<group>"; };
		AF17F3C91654CF5700CF0D7E /* ASIHTTPRequestTests.h */ = {isa = PBXFileReference; fileEncoding = 4; lastKnownFileType = sourcecode.c.h; path = ASIHTTPRequestTests.h; sourceTree = "<group>"; };
		AF17F3CA1654CF5700CF0D7E /* ASIHTTPRequestTests.m */ = {isa = PBXFileReference; fileEncoding = 4; lastKnownFileType = sourcecode.c.objc; path = ASIHTTPRequestTests.m; sourceTree = "<group>"; };
		AF17F3CB1654CF5700CF0D7E /* ASINetworkQueueTests.h */ = {isa = PBXFileReference; fileEncoding = 4; lastKnownFileType = sourcecode.c.h; path = ASINetworkQueueTests.h; sourceTree = "<group>"; };
		AF17F3CC1654CF5700CF0D7E /* ASINetworkQueueTests.m */ = {isa = PBXFileReference; fileEncoding = 4; lastKnownFileType = sourcecode.c.objc; path = ASINetworkQueueTests.m; sourceTree = "<group>"; };
		AF17F3CD1654CF5700CF0D7E /* ASIS3RequestTests.h */ = {isa = PBXFileReference; fileEncoding = 4; lastKnownFileType = sourcecode.c.h; path = ASIS3RequestTests.h; sourceTree = "<group>"; };
		AF17F3CE1654CF5700CF0D7E /* ASIS3RequestTests.m */ = {isa = PBXFileReference; fileEncoding = 4; lastKnownFileType = sourcecode.c.objc; path = ASIS3RequestTests.m; sourceTree = "<group>"; };
		AF17F3CF1654CF5700CF0D7E /* ASITestCase.h */ = {isa = PBXFileReference; fileEncoding = 4; lastKnownFileType = sourcecode.c.h; path = ASITestCase.h; sourceTree = "<group>"; };
		AF17F3D01654CF5700CF0D7E /* ASITestCase.m */ = {isa = PBXFileReference; fileEncoding = 4; lastKnownFileType = sourcecode.c.objc; path = ASITestCase.m; sourceTree = "<group>"; };
		AF17F3D11654CF5700CF0D7E /* ASIWebPageRequestTests.h */ = {isa = PBXFileReference; fileEncoding = 4; lastKnownFileType = sourcecode.c.h; path = ASIWebPageRequestTests.h; sourceTree = "<group>"; };
		AF17F3D21654CF5700CF0D7E /* ASIWebPageRequestTests.m */ = {isa = PBXFileReference; fileEncoding = 4; lastKnownFileType = sourcecode.c.objc; path = ASIWebPageRequestTests.m; sourceTree = "<group>"; };
		AF17F3D31654CF5700CF0D7E /* BlocksTests.h */ = {isa = PBXFileReference; fileEncoding = 4; lastKnownFileType = sourcecode.c.h; path = BlocksTests.h; sourceTree = "<group>"; };
		AF17F3D41654CF5700CF0D7E /* BlocksTests.m */ = {isa = PBXFileReference; fileEncoding = 4; lastKnownFileType = sourcecode.c.objc; path = BlocksTests.m; sourceTree = "<group>"; };
		AF17F3D51654CF5700CF0D7E /* ClientCertificateTests.h */ = {isa = PBXFileReference; fileEncoding = 4; lastKnownFileType = sourcecode.c.h; path = ClientCertificateTests.h; sourceTree = "<group>"; };
		AF17F3D61654CF5700CF0D7E /* ClientCertificateTests.m */ = {isa = PBXFileReference; fileEncoding = 4; lastKnownFileType = sourcecode.c.objc; path = ClientCertificateTests.m; sourceTree = "<group>"; };
		AF17F3D71654CF5700CF0D7E /* GHUnitTestMain.m */ = {isa = PBXFileReference; fileEncoding = 4; lastKnownFileType = sourcecode.c.objc; path = GHUnitTestMain.m; sourceTree = "<group>"; };
		AF17F3D81654CF5700CF0D7E /* PerformanceTests.h */ = {isa = PBXFileReference; fileEncoding = 4; lastKnownFileType = sourcecode.c.h; path = PerformanceTests.h; sourceTree = "<group>"; };
		AF17F3D91654CF5700CF0D7E /* PerformanceTests.m */ = {isa = PBXFileReference; fileEncoding = 4; lastKnownFileType = sourcecode.c.objc; path = PerformanceTests.m; sourceTree = "<group>"; };
		AF17F3DA1654CF5700CF0D7E /* ProxyTests.h */ = {isa = PBXFileReference; fileEncoding = 4; lastKnownFileType = sourcecode.c.h; path = ProxyTests.h; sourceTree = "<group>"; };
		AF17F3DB1654CF5700CF0D7E /* ProxyTests.m */ = {isa = PBXFileReference; fileEncoding = 4; lastKnownFileType = sourcecode.c.objc; path = ProxyTests.m; sourceTree = "<group>"; };
		AF17F3DC1654CF5700CF0D7E /* StressTests.h */ = {isa = PBXFileReference; fileEncoding = 4; lastKnownFileType = sourcecode.c.h; path = StressTests.h; sourceTree = "<group>"; };
		AF17F3DD1654CF5700CF0D7E /* StressTests.m */ = {isa = PBXFileReference; fileEncoding = 4; lastKnownFileType = sourcecode.c.objc; path = StressTests.m; sourceTree = "<group>"; };
		AF17F4041654CFA900CF0D7E /* MobileCoreServices.framework */ = {isa = PBXFileReference; lastKnownFileType = wrapper.framework; name = MobileCoreServices.framework; path = System/Library/Frameworks/MobileCoreServices.framework; sourceTree = SDKROOT; };
		AF17F4061654CFB000CF0D7E /* libz.dylib */ = {isa = PBXFileReference; lastKnownFileType = "compiled.mach-o.dylib"; name = libz.dylib; path = usr/lib/libz.dylib; sourceTree = SDKROOT; };
		AF17F4081654CFBA00CF0D7E /* CFNetwork.framework */ = {isa = PBXFileReference; lastKnownFileType = wrapper.framework; name = CFNetwork.framework; path = System/Library/Frameworks/CFNetwork.framework; sourceTree = SDKROOT; };
		AF297AAD1655E7E6007785E7 /* arrow_left.png */ = {isa = PBXFileReference; lastKnownFileType = image.png; name = arrow_left.png; path = resources/arrow_left.png; sourceTree = "<group>"; };
		AF297AAE1655E7E6007785E7 /* arrow_left@2x.png */ = {isa = PBXFileReference; lastKnownFileType = image.png; name = "arrow_left@2x.png"; path = "resources/arrow_left@2x.png"; sourceTree = "<group>"; };
		AF297AAF1655E7E6007785E7 /* arrow_right.png */ = {isa = PBXFileReference; lastKnownFileType = image.png; name = arrow_right.png; path = resources/arrow_right.png; sourceTree = "<group>"; };
		AF297AB01655E7E6007785E7 /* arrow_right@2x.png */ = {isa = PBXFileReference; lastKnownFileType = image.png; name = "arrow_right@2x.png"; path = "resources/arrow_right@2x.png"; sourceTree = "<group>"; };
		AF297AB11655E7E6007785E7 /* background_linen.png */ = {isa = PBXFileReference; lastKnownFileType = image.png; name = background_linen.png; path = resources/background_linen.png; sourceTree = "<group>"; };
		AF297AB21655E7E6007785E7 /* background_linen@2x.png */ = {isa = PBXFileReference; lastKnownFileType = image.png; name = "background_linen@2x.png"; path = "resources/background_linen@2x.png"; sourceTree = "<group>"; };
		AF297AB31655E7E6007785E7 /* background-fabric-grey-iphone.png */ = {isa = PBXFileReference; lastKnownFileType = image.png; name = "background-fabric-grey-iphone.png"; path = "resources/background-fabric-grey-iphone.png"; sourceTree = "<group>"; };
		AF297AB41655E7E6007785E7 /* background-fabric-grey-iphone@2x.png */ = {isa = PBXFileReference; lastKnownFileType = image.png; name = "background-fabric-grey-iphone@2x.png"; path = "resources/background-fabric-grey-iphone@2x.png"; sourceTree = "<group>"; };
		AF297AB51655E7E6007785E7 /* header_bar_dark_grey.png */ = {isa = PBXFileReference; lastKnownFileType = image.png; name = header_bar_dark_grey.png; path = resources/header_bar_dark_grey.png; sourceTree = "<group>"; };
		AF297AB61655E7E6007785E7 /* header_bar_dark_grey@2x.png */ = {isa = PBXFileReference; lastKnownFileType = image.png; name = "header_bar_dark_grey@2x.png"; path = "resources/header_bar_dark_grey@2x.png"; sourceTree = "<group>"; };
		AF297AB71655E7E6007785E7 /* nav_bar_app.png */ = {isa = PBXFileReference; lastKnownFileType = image.png; name = nav_bar_app.png; path = resources/nav_bar_app.png; sourceTree = "<group>"; };
		AF297AB81655E7E6007785E7 /* nav_bar_app@2x.png */ = {isa = PBXFileReference; lastKnownFileType = image.png; name = "nav_bar_app@2x.png"; path = "resources/nav_bar_app@2x.png"; sourceTree = "<group>"; };
		AF297AB91655E7E6007785E7 /* no_image.png */ = {isa = PBXFileReference; lastKnownFileType = image.png; name = no_image.png; path = resources/no_image.png; sourceTree = "<group>"; };
		AF297ABA1655E7E6007785E7 /* no_image@2x.png */ = {isa = PBXFileReference; lastKnownFileType = image.png; name = "no_image@2x.png"; path = "resources/no_image@2x.png"; sourceTree = "<group>"; };
		AF297ABB1655E7E6007785E7 /* search_bar_dark_grey.png */ = {isa = PBXFileReference; lastKnownFileType = image.png; name = search_bar_dark_grey.png; path = resources/search_bar_dark_grey.png; sourceTree = "<group>"; };
		AF297ABC1655E7E6007785E7 /* search_bar_dark_grey@2x.png */ = {isa = PBXFileReference; lastKnownFileType = image.png; name = "search_bar_dark_grey@2x.png"; path = "resources/search_bar_dark_grey@2x.png"; sourceTree = "<group>"; };
		AF297ABD1655E7E6007785E7 /* shadow_bottom.png */ = {isa = PBXFileReference; lastKnownFileType = image.png; name = shadow_bottom.png; path = resources/shadow_bottom.png; sourceTree = "<group>"; };
		AF297ABE1655E7E6007785E7 /* shadow_bottom@2x.png */ = {isa = PBXFileReference; lastKnownFileType = image.png; name = "shadow_bottom@2x.png"; path = "resources/shadow_bottom@2x.png"; sourceTree = "<group>"; };
		AF4B49CC1655A4240000C8AA /* CollectionCell.h */ = {isa = PBXFileReference; fileEncoding = 4; lastKnownFileType = sourcecode.c.h; path = CollectionCell.h; sourceTree = SOURCE_ROOT; };
		AF4B49CD1655A4240000C8AA /* CollectionCell.m */ = {isa = PBXFileReference; fileEncoding = 4; lastKnownFileType = sourcecode.c.objc; path = CollectionCell.m; sourceTree = SOURCE_ROOT; };
		AF4B49D11655A4240000C8AA /* en */ = {isa = PBXFileReference; lastKnownFileType = file.storyboard; name = en; path = en.lproj/MainStoryboard.storyboard; sourceTree = "<group>"; };
		AF4DB7D11654E86D00703531 /* QuartzCore.framework */ = {isa = PBXFileReference; lastKnownFileType = wrapper.framework; name = QuartzCore.framework; path = System/Library/Frameworks/QuartzCore.framework; sourceTree = SDKROOT; };
		AF860D1816547D54004E05D2 /* DataManager.h */ = {isa = PBXFileReference; fileEncoding = 4; lastKnownFileType = sourcecode.c.h; path = DataManager.h; sourceTree = "<group>"; };
		AF860D1916547D54004E05D2 /* DataManager.m */ = {isa = PBXFileReference; fileEncoding = 4; lastKnownFileType = sourcecode.c.objc; path = DataManager.m; sourceTree = "<group>"; };
		AF9539161655E0280000390C /* background-fabric-grey-iphone.png */ = {isa = PBXFileReference; lastKnownFileType = image.png; name = "background-fabric-grey-iphone.png"; path = "resources/background-fabric-grey-iphone.png"; sourceTree = "<group>"; };
		AF9539171655E0280000390C /* background-fabric-grey-iphone@2x.png */ = {isa = PBXFileReference; lastKnownFileType = image.png; name = "background-fabric-grey-iphone@2x.png"; path = "resources/background-fabric-grey-iphone@2x.png"; sourceTree = "<group>"; };
		AF9967901655C1070051B476 /* CollectionViewController.h */ = {isa = PBXFileReference; fileEncoding = 4; lastKnownFileType = sourcecode.c.h; path = CollectionViewController.h; sourceTree = SOURCE_ROOT; };
		AF9967911655C1070051B476 /* CollectionViewController.m */ = {isa = PBXFileReference; fileEncoding = 4; lastKnownFileType = sourcecode.c.objc; path = CollectionViewController.m; sourceTree = SOURCE_ROOT; };
		AFB04F5216543A6900451D6E /* background_linen.png */ = {isa = PBXFileReference; lastKnownFileType = image.png; name = background_linen.png; path = resources/background_linen.png; sourceTree = "<group>"; };
		AFB04F5316543A6900451D6E /* background_linen@2x.png */ = {isa = PBXFileReference; lastKnownFileType = image.png; name = "background_linen@2x.png"; path = "resources/background_linen@2x.png"; sourceTree = "<group>"; };
		AFB04F6116543AF300451D6E /* MediaItem.h */ = {isa = PBXFileReference; fileEncoding = 4; lastKnownFileType = sourcecode.c.h; path = MediaItem.h; sourceTree = "<group>"; };
		AFB04F6216543AF300451D6E /* MediaItem.m */ = {isa = PBXFileReference; fileEncoding = 4; lastKnownFileType = sourcecode.c.objc; path = MediaItem.m; sourceTree = "<group>"; };
		AFB04F6416543BEF00451D6E /* SyncManager.h */ = {isa = PBXFileReference; fileEncoding = 4; lastKnownFileType = sourcecode.c.h; path = SyncManager.h; sourceTree = "<group>"; };
		AFB04F6516543BEF00451D6E /* SyncManager.m */ = {isa = PBXFileReference; fileEncoding = 4; lastKnownFileType = sourcecode.c.objc; path = SyncManager.m; sourceTree = "<group>"; };
		AFB04FCD16543DAC00451D6E /* Reachability.h */ = {isa = PBXFileReference; fileEncoding = 4; lastKnownFileType = sourcecode.c.h; path = Reachability.h; sourceTree = "<group>"; };
		AFB04FCE16543DAC00451D6E /* Reachability.m */ = {isa = PBXFileReference; fileEncoding = 4; lastKnownFileType = sourcecode.c.objc; path = Reachability.m; sourceTree = "<group>"; };
		AFB04FF716543F5900451D6E /* SystemConfiguration.framework */ = {isa = PBXFileReference; lastKnownFileType = wrapper.framework; name = SystemConfiguration.framework; path = System/Library/Frameworks/SystemConfiguration.framework; sourceTree = SDKROOT; };
		AFB051B81654532200451D6E /* SMWebRequest.h */ = {isa = PBXFileReference; fileEncoding = 4; lastKnownFileType = sourcecode.c.h; path = SMWebRequest.h; sourceTree = "<group>"; };
		AFB051B91654532200451D6E /* SMWebRequest.m */ = {isa = PBXFileReference; fileEncoding = 4; lastKnownFileType = sourcecode.c.objc; path = SMWebRequest.m; sourceTree = "<group>"; };
		AFB051BB1654579200451D6E /* SMXMLDocument.h */ = {isa = PBXFileReference; fileEncoding = 4; lastKnownFileType = sourcecode.c.h; path = SMXMLDocument.h; sourceTree = "<group>"; };
		AFB051BC1654579300451D6E /* SMXMLDocument.m */ = {isa = PBXFileReference; fileEncoding = 4; lastKnownFileType = sourcecode.c.objc; path = SMXMLDocument.m; sourceTree = "<group>"; };
/* End PBXFileReference section */

/* Begin PBXFrameworksBuildPhase section */
		AF116A0B1654266000F8D45B /* Frameworks */ = {
			isa = PBXFrameworksBuildPhase;
			buildActionMask = 2147483647;
			files = (
				AF4DB7D21654E86D00703531 /* QuartzCore.framework in Frameworks */,
				AF17F4091654CFBA00CF0D7E /* CFNetwork.framework in Frameworks */,
				AF17F4071654CFB000CF0D7E /* libz.dylib in Frameworks */,
				AF17F4051654CFA900CF0D7E /* MobileCoreServices.framework in Frameworks */,
				AFB050D3165446CB00451D6E /* SystemConfiguration.framework in Frameworks */,
				AF116A131654266000F8D45B /* UIKit.framework in Frameworks */,
				AF116A151654266000F8D45B /* Foundation.framework in Frameworks */,
				AF116A171654266000F8D45B /* CoreGraphics.framework in Frameworks */,
			);
			runOnlyForDeploymentPostprocessing = 0;
		};
/* End PBXFrameworksBuildPhase section */

/* Begin PBXGroup section */
		AF116A031654266000F8D45B = {
			isa = PBXGroup;
			children = (
				AF4DB7D11654E86D00703531 /* QuartzCore.framework */,
				AF17F4081654CFBA00CF0D7E /* CFNetwork.framework */,
				AF17F4061654CFB000CF0D7E /* libz.dylib */,
				AF17F4041654CFA900CF0D7E /* MobileCoreServices.framework */,
				AF116A181654266000F8D45B /* flickrShare */,
				AF116A111654266000F8D45B /* Frameworks */,
				AF116A0F1654266000F8D45B /* Products */,
			);
			sourceTree = "<group>";
		};
		AF116A0F1654266000F8D45B /* Products */ = {
			isa = PBXGroup;
			children = (
				AF116A0E1654266000F8D45B /* flickrShare.app */,
			);
			name = Products;
			sourceTree = "<group>";
		};
		AF116A111654266000F8D45B /* Frameworks */ = {
			isa = PBXGroup;
			children = (
				AFB04FF716543F5900451D6E /* SystemConfiguration.framework */,
				AF116A121654266000F8D45B /* UIKit.framework */,
				AF116A141654266000F8D45B /* Foundation.framework */,
				AF116A161654266000F8D45B /* CoreGraphics.framework */,
			);
			name = Frameworks;
			sourceTree = "<group>";
		};
		AF116A181654266000F8D45B /* flickrShare */ = {
			isa = PBXGroup;
			children = (
				AF17F3891654CF5700CF0D7E /* 3rd Party Frameworks */,
				AFB04F51165439C000451D6E /* resources */,
				AF116A211654266000F8D45B /* _AppDelegate.h */,
				AF116A221654266000F8D45B /* _AppDelegate.m */,
				AF4B49CC1655A4240000C8AA /* CollectionCell.h */,
				AF4B49CD1655A4240000C8AA /* CollectionCell.m */,
				AF9967901655C1070051B476 /* CollectionViewController.h */,
				AF9967911655C1070051B476 /* CollectionViewController.m */,
				AF4B49D01655A4240000C8AA /* MainStoryboard.storyboard */,
				AFB051B81654532200451D6E /* SMWebRequest.h */,
				AFB051B91654532200451D6E /* SMWebRequest.m */,
				AFB051BB1654579200451D6E /* SMXMLDocument.h */,
				AFB051BC1654579300451D6E /* SMXMLDocument.m */,
				AF860D1816547D54004E05D2 /* DataManager.h */,
				AF860D1916547D54004E05D2 /* DataManager.m */,
				AFB04F6416543BEF00451D6E /* SyncManager.h */,
				AFB04F6516543BEF00451D6E /* SyncManager.m */,
				AFB04F6116543AF300451D6E /* MediaItem.h */,
				AFB04F6216543AF300451D6E /* MediaItem.m */,
				AF116A3A16542B5F00F8D45B /* PhotoViewerViewController.h */,
				AF116A3B16542B5F00F8D45B /* PhotoViewerViewController.m */,
				AF116A3C16542B5F00F8D45B /* PhotoViewerViewController.xib */,
				AFB04FAB16543DAC00451D6E /* reachability */,
				AF116A191654266000F8D45B /* Supporting Files */,
			);
			path = flickrShare;
			sourceTree = "<group>";
		};
		AF116A191654266000F8D45B /* Supporting Files */ = {
			isa = PBXGroup;
			children = (
				AF116A1A1654266000F8D45B /* flickrShare-Info.plist */,
				AF116A1B1654266000F8D45B /* InfoPlist.strings */,
				AF116A1E1654266000F8D45B /* main.m */,
				AF116A201654266000F8D45B /* flickrShare-Prefix.pch */,
				AF116A241654266000F8D45B /* Default.png */,
				AF116A261654266000F8D45B /* Default@2x.png */,
				AF116A281654266000F8D45B /* Default-568h@2x.png */,
			);
			name = "Supporting Files";
			sourceTree = "<group>";
		};
		AF17F3891654CF5700CF0D7E /* 3rd Party Frameworks */ = {
			isa = PBXGroup;
			children = (
				AF17F38A1654CF5700CF0D7E /* asihttprequest */,
			);
			path = "3rd Party Frameworks";
			sourceTree = "<group>";
		};
		AF17F38A1654CF5700CF0D7E /* asihttprequest */ = {
			isa = PBXGroup;
			children = (
				AF17F38B1654CF5700CF0D7E /* Classes */,
			);
			path = asihttprequest;
			sourceTree = "<group>";
		};
		AF17F38B1654CF5700CF0D7E /* Classes */ = {
			isa = PBXGroup;
			children = (
				AF17F38C1654CF5700CF0D7E /* ASIAuthenticationDialog.h */,
				AF17F38D1654CF5700CF0D7E /* ASIAuthenticationDialog.m */,
				AF17F38E1654CF5700CF0D7E /* ASICacheDelegate.h */,
				AF17F38F1654CF5700CF0D7E /* ASIDataCompressor.h */,
				AF17F3901654CF5700CF0D7E /* ASIDataCompressor.m */,
				AF17F3911654CF5700CF0D7E /* ASIDataDecompressor.h */,
				AF17F3921654CF5700CF0D7E /* ASIDataDecompressor.m */,
				AF17F3931654CF5700CF0D7E /* ASIDownloadCache.h */,
				AF17F3941654CF5700CF0D7E /* ASIDownloadCache.m */,
				AF17F3951654CF5700CF0D7E /* ASIFormDataRequest.h */,
				AF17F3961654CF5700CF0D7E /* ASIFormDataRequest.m */,
				AF17F3971654CF5700CF0D7E /* ASIHTTPRequest.h */,
				AF17F3981654CF5700CF0D7E /* ASIHTTPRequest.m */,
				AF17F3991654CF5700CF0D7E /* ASIHTTPRequestConfig.h */,
				AF17F39A1654CF5700CF0D7E /* ASIHTTPRequestDelegate.h */,
				AF17F39B1654CF5700CF0D7E /* ASIInputStream.h */,
				AF17F39C1654CF5700CF0D7E /* ASIInputStream.m */,
				AF17F39D1654CF5700CF0D7E /* ASINetworkQueue.h */,
				AF17F39E1654CF5700CF0D7E /* ASINetworkQueue.m */,
				AF17F39F1654CF5700CF0D7E /* ASIProgressDelegate.h */,
				AF17F3A01654CF5700CF0D7E /* ASIWebPageRequest */,
				AF17F3A31654CF5700CF0D7E /* CloudFiles */,
				AF17F3B21654CF5700CF0D7E /* S3 */,
				AF17F3C01654CF5700CF0D7E /* Tests */,
			);
			path = Classes;
			sourceTree = "<group>";
		};
		AF17F3A01654CF5700CF0D7E /* ASIWebPageRequest */ = {
			isa = PBXGroup;
			children = (
				AF17F3A11654CF5700CF0D7E /* ASIWebPageRequest.h */,
				AF17F3A21654CF5700CF0D7E /* ASIWebPageRequest.m */,
			);
			path = ASIWebPageRequest;
			sourceTree = "<group>";
		};
		AF17F3A31654CF5700CF0D7E /* CloudFiles */ = {
			isa = PBXGroup;
			children = (
				AF17F3A41654CF5700CF0D7E /* ASICloudFilesCDNRequest.h */,
				AF17F3A51654CF5700CF0D7E /* ASICloudFilesCDNRequest.m */,
				AF17F3A61654CF5700CF0D7E /* ASICloudFilesContainer.h */,
				AF17F3A71654CF5700CF0D7E /* ASICloudFilesContainer.m */,
				AF17F3A81654CF5700CF0D7E /* ASICloudFilesContainerRequest.h */,
				AF17F3A91654CF5700CF0D7E /* ASICloudFilesContainerRequest.m */,
				AF17F3AA1654CF5700CF0D7E /* ASICloudFilesContainerXMLParserDelegate.h */,
				AF17F3AB1654CF5700CF0D7E /* ASICloudFilesContainerXMLParserDelegate.m */,
				AF17F3AC1654CF5700CF0D7E /* ASICloudFilesObject.h */,
				AF17F3AD1654CF5700CF0D7E /* ASICloudFilesObject.m */,
				AF17F3AE1654CF5700CF0D7E /* ASICloudFilesObjectRequest.h */,
				AF17F3AF1654CF5700CF0D7E /* ASICloudFilesObjectRequest.m */,
				AF17F3B01654CF5700CF0D7E /* ASICloudFilesRequest.h */,
				AF17F3B11654CF5700CF0D7E /* ASICloudFilesRequest.m */,
			);
			path = CloudFiles;
			sourceTree = "<group>";
		};
		AF17F3B21654CF5700CF0D7E /* S3 */ = {
			isa = PBXGroup;
			children = (
				AF17F3B31654CF5700CF0D7E /* ASINSXMLParserCompat.h */,
				AF17F3B41654CF5700CF0D7E /* ASIS3Bucket.h */,
				AF17F3B51654CF5700CF0D7E /* ASIS3Bucket.m */,
				AF17F3B61654CF5700CF0D7E /* ASIS3BucketObject.h */,
				AF17F3B71654CF5700CF0D7E /* ASIS3BucketObject.m */,
				AF17F3B81654CF5700CF0D7E /* ASIS3BucketRequest.h */,
				AF17F3B91654CF5700CF0D7E /* ASIS3BucketRequest.m */,
				AF17F3BA1654CF5700CF0D7E /* ASIS3ObjectRequest.h */,
				AF17F3BB1654CF5700CF0D7E /* ASIS3ObjectRequest.m */,
				AF17F3BC1654CF5700CF0D7E /* ASIS3Request.h */,
				AF17F3BD1654CF5700CF0D7E /* ASIS3Request.m */,
				AF17F3BE1654CF5700CF0D7E /* ASIS3ServiceRequest.h */,
				AF17F3BF1654CF5700CF0D7E /* ASIS3ServiceRequest.m */,
			);
			path = S3;
			sourceTree = "<group>";
		};
		AF17F3C01654CF5700CF0D7E /* Tests */ = {
			isa = PBXGroup;
			children = (
				AF17F3C11654CF5700CF0D7E /* ASICloudFilesRequestTests.h */,
				AF17F3C21654CF5700CF0D7E /* ASICloudFilesRequestTests.m */,
				AF17F3C31654CF5700CF0D7E /* ASIDataCompressorTests.h */,
				AF17F3C41654CF5700CF0D7E /* ASIDataCompressorTests.m */,
				AF17F3C51654CF5700CF0D7E /* ASIDownloadCacheTests.h */,
				AF17F3C61654CF5700CF0D7E /* ASIDownloadCacheTests.m */,
				AF17F3C71654CF5700CF0D7E /* ASIFormDataRequestTests.h */,
				AF17F3C81654CF5700CF0D7E /* ASIFormDataRequestTests.m */,
				AF17F3C91654CF5700CF0D7E /* ASIHTTPRequestTests.h */,
				AF17F3CA1654CF5700CF0D7E /* ASIHTTPRequestTests.m */,
				AF17F3CB1654CF5700CF0D7E /* ASINetworkQueueTests.h */,
				AF17F3CC1654CF5700CF0D7E /* ASINetworkQueueTests.m */,
				AF17F3CD1654CF5700CF0D7E /* ASIS3RequestTests.h */,
				AF17F3CE1654CF5700CF0D7E /* ASIS3RequestTests.m */,
				AF17F3CF1654CF5700CF0D7E /* ASITestCase.h */,
				AF17F3D01654CF5700CF0D7E /* ASITestCase.m */,
				AF17F3D11654CF5700CF0D7E /* ASIWebPageRequestTests.h */,
				AF17F3D21654CF5700CF0D7E /* ASIWebPageRequestTests.m */,
				AF17F3D31654CF5700CF0D7E /* BlocksTests.h */,
				AF17F3D41654CF5700CF0D7E /* BlocksTests.m */,
				AF17F3D51654CF5700CF0D7E /* ClientCertificateTests.h */,
				AF17F3D61654CF5700CF0D7E /* ClientCertificateTests.m */,
				AF17F3D71654CF5700CF0D7E /* GHUnitTestMain.m */,
				AF17F3D81654CF5700CF0D7E /* PerformanceTests.h */,
				AF17F3D91654CF5700CF0D7E /* PerformanceTests.m */,
				AF17F3DA1654CF5700CF0D7E /* ProxyTests.h */,
				AF17F3DB1654CF5700CF0D7E /* ProxyTests.m */,
				AF17F3DC1654CF5700CF0D7E /* StressTests.h */,
				AF17F3DD1654CF5700CF0D7E /* StressTests.m */,
			);
			path = Tests;
			sourceTree = "<group>";
		};
		AFB04F51165439C000451D6E /* resources */ = {
			isa = PBXGroup;
			children = (
				AF297AAD1655E7E6007785E7 /* arrow_left.png */,
				AF297AAE1655E7E6007785E7 /* arrow_left@2x.png */,
				AF297AAF1655E7E6007785E7 /* arrow_right.png */,
				AF297AB01655E7E6007785E7 /* arrow_right@2x.png */,
				AF297AB11655E7E6007785E7 /* background_linen.png */,
				AF297AB21655E7E6007785E7 /* background_linen@2x.png */,
				AF297AB31655E7E6007785E7 /* background-fabric-grey-iphone.png */,
				AF297AB41655E7E6007785E7 /* background-fabric-grey-iphone@2x.png */,
				AF297AB51655E7E6007785E7 /* header_bar_dark_grey.png */,
				AF297AB61655E7E6007785E7 /* header_bar_dark_grey@2x.png */,
				AF297AB71655E7E6007785E7 /* nav_bar_app.png */,
				AF297AB81655E7E6007785E7 /* nav_bar_app@2x.png */,
				AF297AB91655E7E6007785E7 /* no_image.png */,
				AF297ABA1655E7E6007785E7 /* no_image@2x.png */,
				AF297ABB1655E7E6007785E7 /* search_bar_dark_grey.png */,
				AF297ABC1655E7E6007785E7 /* search_bar_dark_grey@2x.png */,
				AF297ABD1655E7E6007785E7 /* shadow_bottom.png */,
				AF297ABE1655E7E6007785E7 /* shadow_bottom@2x.png */,
				AFB04F5216543A6900451D6E /* background_linen.png */,
				AFB04F5316543A6900451D6E /* background_linen@2x.png */,
				AF9539161655E0280000390C /* background-fabric-grey-iphone.png */,
				AF9539171655E0280000390C /* background-fabric-grey-iphone@2x.png */,
			);
			name = resources;
			sourceTree = "<group>";
		};
		AFB04FAB16543DAC00451D6E /* reachability */ = {
			isa = PBXGroup;
			children = (
				AFB04FCD16543DAC00451D6E /* Reachability.h */,
				AFB04FCE16543DAC00451D6E /* Reachability.m */,
			);
			path = reachability;
			sourceTree = "<group>";
		};
/* End PBXGroup section */

/* Begin PBXNativeTarget section */
		AF116A0D1654266000F8D45B /* flickrShare */ = {
			isa = PBXNativeTarget;
			buildConfigurationList = AF116A351654266000F8D45B /* Build configuration list for PBXNativeTarget "flickrShare" */;
			buildPhases = (
				AF116A0A1654266000F8D45B /* Sources */,
				AF116A0B1654266000F8D45B /* Frameworks */,
				AF116A0C1654266000F8D45B /* Resources */,
			);
			buildRules = (
			);
			dependencies = (
			);
			name = flickrShare;
			productName = flickrShare;
			productReference = AF116A0E1654266000F8D45B /* flickrShare.app */;
			productType = "com.apple.product-type.application";
		};
/* End PBXNativeTarget section */

/* Begin PBXProject section */
		AF116A051654266000F8D45B /* Project object */ = {
			isa = PBXProject;
			attributes = {
				CLASSPREFIX = 1;
				LastUpgradeCheck = 0450;
				ORGANIZATIONNAME = master;
			};
			buildConfigurationList = AF116A081654266000F8D45B /* Build configuration list for PBXProject "flickrShare" */;
			compatibilityVersion = "Xcode 3.2";
			developmentRegion = English;
			hasScannedForEncodings = 0;
			knownRegions = (
				en,
			);
			mainGroup = AF116A031654266000F8D45B;
			productRefGroup = AF116A0F1654266000F8D45B /* Products */;
			projectDirPath = "";
			projectRoot = "";
			targets = (
				AF116A0D1654266000F8D45B /* flickrShare */,
			);
		};
/* End PBXProject section */

/* Begin PBXResourcesBuildPhase section */
		AF116A0C1654266000F8D45B /* Resources */ = {
			isa = PBXResourcesBuildPhase;
			buildActionMask = 2147483647;
			files = (
				AF116A1D1654266000F8D45B /* InfoPlist.strings in Resources */,
				AF116A251654266000F8D45B /* Default.png in Resources */,
				AF116A271654266000F8D45B /* Default@2x.png in Resources */,
				AF116A291654266000F8D45B /* Default-568h@2x.png in Resources */,
				AF116A3E16542B5F00F8D45B /* PhotoViewerViewController.xib in Resources */,
				AFB04F5A16543A6900451D6E /* background_linen.png in Resources */,
				AFB04F5B16543A6900451D6E /* background_linen@2x.png in Resources */,
				AF4B49D41655A4240000C8AA /* MainStoryboard.storyboard in Resources */,
				AF9539181655E0280000390C /* background-fabric-grey-iphone.png in Resources */,
				AF9539191655E0280000390C /* background-fabric-grey-iphone@2x.png in Resources */,
				AF297ABF1655E7E6007785E7 /* arrow_left.png in Resources */,
				AF297AC01655E7E6007785E7 /* arrow_left@2x.png in Resources */,
				AF297AC11655E7E6007785E7 /* arrow_right.png in Resources */,
				AF297AC21655E7E6007785E7 /* arrow_right@2x.png in Resources */,
				AF297AC31655E7E6007785E7 /* background_linen.png in Resources */,
				AF297AC41655E7E6007785E7 /* background_linen@2x.png in Resources */,
				AF297AC51655E7E6007785E7 /* background-fabric-grey-iphone.png in Resources */,
				AF297AC61655E7E6007785E7 /* background-fabric-grey-iphone@2x.png in Resources */,
				AF297AC71655E7E6007785E7 /* header_bar_dark_grey.png in Resources */,
				AF297AC81655E7E6007785E7 /* header_bar_dark_grey@2x.png in Resources */,
				AF297AC91655E7E6007785E7 /* nav_bar_app.png in Resources */,
				AF297ACA1655E7E6007785E7 /* nav_bar_app@2x.png in Resources */,
				AF297ACB1655E7E6007785E7 /* no_image.png in Resources */,
				AF297ACC1655E7E6007785E7 /* no_image@2x.png in Resources */,
				AF297ACD1655E7E6007785E7 /* search_bar_dark_grey.png in Resources */,
				AF297ACE1655E7E6007785E7 /* search_bar_dark_grey@2x.png in Resources */,
				AF297ACF1655E7E6007785E7 /* shadow_bottom.png in Resources */,
				AF297AD01655E7E6007785E7 /* shadow_bottom@2x.png in Resources */,
			);
			runOnlyForDeploymentPostprocessing = 0;
		};
/* End PBXResourcesBuildPhase section */

/* Begin PBXSourcesBuildPhase section */
		AF116A0A1654266000F8D45B /* Sources */ = {
			isa = PBXSourcesBuildPhase;
			buildActionMask = 2147483647;
			files = (
				AF116A1F1654266000F8D45B /* main.m in Sources */,
				AF116A231654266000F8D45B /* _AppDelegate.m in Sources */,
				AF116A3D16542B5F00F8D45B /* PhotoViewerViewController.m in Sources */,
				AFB04F6316543AF300451D6E /* MediaItem.m in Sources */,
				AFB04F6616543BF000451D6E /* SyncManager.m in Sources */,
				AFB04FE616543DAC00451D6E /* Reachability.m in Sources */,
				AFB051BA1654532200451D6E /* SMWebRequest.m in Sources */,
				AFB051BD1654579400451D6E /* SMXMLDocument.m in Sources */,
				AF860D1A16547D54004E05D2 /* DataManager.m in Sources */,
				AF17F3DE1654CF5700CF0D7E /* ASIAuthenticationDialog.m in Sources */,
				AF17F3DF1654CF5700CF0D7E /* ASIDataCompressor.m in Sources */,
				AF17F3E01654CF5700CF0D7E /* ASIDataDecompressor.m in Sources */,
				AF17F3E11654CF5700CF0D7E /* ASIDownloadCache.m in Sources */,
				AF17F3E21654CF5700CF0D7E /* ASIFormDataRequest.m in Sources */,
				AF17F3E31654CF5700CF0D7E /* ASIHTTPRequest.m in Sources */,
				AF17F3E41654CF5700CF0D7E /* ASIInputStream.m in Sources */,
				AF17F3E51654CF5700CF0D7E /* ASINetworkQueue.m in Sources */,
				AF4B49D21655A4240000C8AA /* CollectionCell.m in Sources */,
				AF9967921655C1070051B476 /* CollectionViewController.m in Sources */,
			);
			runOnlyForDeploymentPostprocessing = 0;
		};
/* End PBXSourcesBuildPhase section */

/* Begin PBXVariantGroup section */
		AF116A1B1654266000F8D45B /* InfoPlist.strings */ = {
			isa = PBXVariantGroup;
			children = (
				AF116A1C1654266000F8D45B /* en */,
			);
			name = InfoPlist.strings;
			sourceTree = "<group>";
		};
		AF4B49D01655A4240000C8AA /* MainStoryboard.storyboard */ = {
			isa = PBXVariantGroup;
			children = (
				AF4B49D11655A4240000C8AA /* en */,
			);
			name = MainStoryboard.storyboard;
			sourceTree = "<group>";
		};
/* End PBXVariantGroup section */

/* Begin XCBuildConfiguration section */
		AF116A331654266000F8D45B /* Debug */ = {
			isa = XCBuildConfiguration;
			buildSettings = {
				ALWAYS_SEARCH_USER_PATHS = NO;
				CLANG_CXX_LANGUAGE_STANDARD = "gnu++0x";
				CLANG_CXX_LIBRARY = "libc++";
				CLANG_ENABLE_OBJC_ARC = YES;
				CLANG_WARN_EMPTY_BODY = YES;
				CLANG_WARN__DUPLICATE_METHOD_MATCH = YES;
				"CODE_SIGN_IDENTITY[sdk=iphoneos*]" = "iPhone Developer";
				COPY_PHASE_STRIP = NO;
				GCC_C_LANGUAGE_STANDARD = gnu99;
				GCC_DYNAMIC_NO_PIC = NO;
				GCC_OPTIMIZATION_LEVEL = 0;
				GCC_PREPROCESSOR_DEFINITIONS = (
					"DEBUG=1",
					"$(inherited)",
				);
				GCC_SYMBOLS_PRIVATE_EXTERN = NO;
				GCC_WARN_ABOUT_RETURN_TYPE = YES;
				GCC_WARN_UNINITIALIZED_AUTOS = YES;
				GCC_WARN_UNUSED_VARIABLE = YES;
				HEADER_SEARCH_PATHS = KKGridView;
				IPHONEOS_DEPLOYMENT_TARGET = 6.0;
				SDKROOT = iphoneos;
				TARGETED_DEVICE_FAMILY = "1,2";
			};
			name = Debug;
		};
		AF116A341654266000F8D45B /* Release */ = {
			isa = XCBuildConfiguration;
			buildSettings = {
				ALWAYS_SEARCH_USER_PATHS = NO;
				CLANG_CXX_LANGUAGE_STANDARD = "gnu++0x";
				CLANG_CXX_LIBRARY = "libc++";
				CLANG_ENABLE_OBJC_ARC = YES;
				CLANG_WARN_EMPTY_BODY = YES;
				CLANG_WARN__DUPLICATE_METHOD_MATCH = YES;
				"CODE_SIGN_IDENTITY[sdk=iphoneos*]" = "iPhone Developer";
				COPY_PHASE_STRIP = YES;
				GCC_C_LANGUAGE_STANDARD = gnu99;
				GCC_WARN_ABOUT_RETURN_TYPE = YES;
				GCC_WARN_UNINITIALIZED_AUTOS = YES;
				GCC_WARN_UNUSED_VARIABLE = YES;
				HEADER_SEARCH_PATHS = KKGridView;
				IPHONEOS_DEPLOYMENT_TARGET = 6.0;
				OTHER_CFLAGS = "-DNS_BLOCK_ASSERTIONS=1";
				SDKROOT = iphoneos;
				TARGETED_DEVICE_FAMILY = "1,2";
				VALIDATE_PRODUCT = YES;
			};
			name = Release;
		};
		AF116A361654266000F8D45B /* Debug */ = {
			isa = XCBuildConfiguration;
			buildSettings = {
				GCC_PRECOMPILE_PREFIX_HEADER = YES;
				GCC_PREFIX_HEADER = "flickrShare/flickrShare-Prefix.pch";
				HEADER_SEARCH_PATHS = KKGridView;
				INFOPLIST_FILE = "flickrShare/flickrShare-Info.plist";
				"OTHER_CFLAGS[arch=*]" = "";
				PRODUCT_NAME = "$(TARGET_NAME)";
				WRAPPER_EXTENSION = app;
			};
			name = Debug;
		};
		AF116A371654266000F8D45B /* Release */ = {
			isa = XCBuildConfiguration;
			buildSettings = {
				GCC_PRECOMPILE_PREFIX_HEADER = YES;
				GCC_PREFIX_HEADER = "flickrShare/flickrShare-Prefix.pch";
				HEADER_SEARCH_PATHS = KKGridView;
				INFOPLIST_FILE = "flickrShare/flickrShare-Info.plist";
				PRODUCT_NAME = "$(TARGET_NAME)";
				WRAPPER_EXTENSION = app;
			};
			name = Release;
		};
/* End XCBuildConfiguration section */

/* Begin XCConfigurationList section */
		AF116A081654266000F8D45B /* Build configuration list for PBXProject "flickrShare" */ = {
			isa = XCConfigurationList;
			buildConfigurations = (
				AF116A331654266000F8D45B /* Debug */,
				AF116A341654266000F8D45B /* Release */,
			);
			defaultConfigurationIsVisible = 0;
			defaultConfigurationName = Release;
		};
		AF116A351654266000F8D45B /* Build configuration list for PBXNativeTarget "flickrShare" */ = {
			isa = XCConfigurationList;
			buildConfigurations = (
				AF116A361654266000F8D45B /* Debug */,
				AF116A371654266000F8D45B /* Release */,
			);
			defaultConfigurationIsVisible = 0;
			defaultConfigurationName = Release;
		};
/* End XCConfigurationList section */
	};
	rootObject = AF116A051654266000F8D45B /* Project object */;
}
