// !$*UTF8*$!
{
	archiveVersion = 1;
	classes = {
	};
	objectVersion = 46;
	objects = {

/* Begin PBXBuildFile section */
		AF116A131654266000F8D45B /* UIKit.framework in Frameworks */ = {isa = PBXBuildFile; fileRef = AF116A121654266000F8D45B /* UIKit.framework */; };
		AF116A151654266000F8D45B /* Foundation.framework in Frameworks */ = {isa = PBXBuildFile; fileRef = AF116A141654266000F8D45B /* Foundation.framework */; };
		AF116A171654266000F8D45B /* CoreGraphics.framework in Frameworks */ = {isa = PBXBuildFile; fileRef = AF116A161654266000F8D45B /* CoreGraphics.framework */; };
		AF116A1D1654266000F8D45B /* InfoPlist.strings in Resources */ = {isa = PBXBuildFile; fileRef = AF116A1B1654266000F8D45B /* InfoPlist.strings */; };
		AF116A1F1654266000F8D45B /* main.m in Sources */ = {isa = PBXBuildFile; fileRef = AF116A1E1654266000F8D45B /* main.m */; };
		AF116A231654266000F8D45B /* _AppDelegate.m in Sources */ = {isa = PBXBuildFile; fileRef = AF116A221654266000F8D45B /* _AppDelegate.m */; };
		AF116A251654266000F8D45B /* Default.png in Resources */ = {isa = PBXBuildFile; fileRef = AF116A241654266000F8D45B /* Default.png */; };
		AF116A271654266000F8D45B /* Default@2x.png in Resources */ = {isa = PBXBuildFile; fileRef = AF116A261654266000F8D45B /* Default@2x.png */; };
		AF116A291654266000F8D45B /* Default-568h@2x.png in Resources */ = {isa = PBXBuildFile; fileRef = AF116A281654266000F8D45B /* Default-568h@2x.png */; };
		AF116A2C1654266000F8D45B /* MainStoryboard_iPhone.storyboard in Resources */ = {isa = PBXBuildFile; fileRef = AF116A2A1654266000F8D45B /* MainStoryboard_iPhone.storyboard */; };
		AF116A2F1654266000F8D45B /* MainStoryboard_iPad.storyboard in Resources */ = {isa = PBXBuildFile; fileRef = AF116A2D1654266000F8D45B /* MainStoryboard_iPad.storyboard */; };
		AF116A3916542A8C00F8D45B /* MainViewController.m in Sources */ = {isa = PBXBuildFile; fileRef = AF116A3816542A8C00F8D45B /* MainViewController.m */; };
		AF116A3D16542B5F00F8D45B /* PhotoViewerViewController.m in Sources */ = {isa = PBXBuildFile; fileRef = AF116A3B16542B5F00F8D45B /* PhotoViewerViewController.m */; };
		AF116A3E16542B5F00F8D45B /* PhotoViewerViewController.xib in Resources */ = {isa = PBXBuildFile; fileRef = AF116A3C16542B5F00F8D45B /* PhotoViewerViewController.xib */; };
		AF860D1A16547D54004E05D2 /* DataManager.m in Sources */ = {isa = PBXBuildFile; fileRef = AF860D1916547D54004E05D2 /* DataManager.m */; };
		AFB04F4316542EC000451D6E /* UIImage+imageFile.m in Sources */ = {isa = PBXBuildFile; fileRef = AFB04F4216542EC000451D6E /* UIImage+imageFile.m */; };
		AFB04F5A16543A6900451D6E /* background_linen.png in Resources */ = {isa = PBXBuildFile; fileRef = AFB04F5216543A6900451D6E /* background_linen.png */; };
		AFB04F5B16543A6900451D6E /* background_linen@2x.png in Resources */ = {isa = PBXBuildFile; fileRef = AFB04F5316543A6900451D6E /* background_linen@2x.png */; };
		AFB04F5C16543A6900451D6E /* 1.jpg in Resources */ = {isa = PBXBuildFile; fileRef = AFB04F5516543A6900451D6E /* 1.jpg */; };
		AFB04F5D16543A6900451D6E /* 2.jpg in Resources */ = {isa = PBXBuildFile; fileRef = AFB04F5616543A6900451D6E /* 2.jpg */; };
		AFB04F5E16543A6900451D6E /* 3.jpg in Resources */ = {isa = PBXBuildFile; fileRef = AFB04F5716543A6900451D6E /* 3.jpg */; };
		AFB04F5F16543A6900451D6E /* no_image.jpg in Resources */ = {isa = PBXBuildFile; fileRef = AFB04F5816543A6900451D6E /* no_image.jpg */; };
		AFB04F6016543A6900451D6E /* 5.jpg in Resources */ = {isa = PBXBuildFile; fileRef = AFB04F5916543A6900451D6E /* 5.jpg */; };
		AFB04F6316543AF300451D6E /* MediaItem.m in Sources */ = {isa = PBXBuildFile; fileRef = AFB04F6216543AF300451D6E /* MediaItem.m */; };
		AFB04F6616543BF000451D6E /* SyncManager.m in Sources */ = {isa = PBXBuildFile; fileRef = AFB04F6516543BEF00451D6E /* SyncManager.m */; };
		AFB04FE616543DAC00451D6E /* Reachability.m in Sources */ = {isa = PBXBuildFile; fileRef = AFB04FCE16543DAC00451D6E /* Reachability.m */; };
		AFB04FFC165441D100451D6E /* GridViewController.m in Sources */ = {isa = PBXBuildFile; fileRef = AFB04FFA165441CF00451D6E /* GridViewController.m */; };
		AFB050D3165446CB00451D6E /* SystemConfiguration.framework in Frameworks */ = {isa = PBXBuildFile; fileRef = AFB04FF716543F5900451D6E /* SystemConfiguration.framework */; };
		AFB051BA1654532200451D6E /* SMWebRequest.m in Sources */ = {isa = PBXBuildFile; fileRef = AFB051B91654532200451D6E /* SMWebRequest.m */; settings = {COMPILER_FLAGS = "-fno-objc-arc"; }; };
		AFB051BD1654579400451D6E /* SMXMLDocument.m in Sources */ = {isa = PBXBuildFile; fileRef = AFB051BC1654579300451D6E /* SMXMLDocument.m */; settings = {COMPILER_FLAGS = "-fno-objc-arc"; }; };
		AFE84E2A16548FCA000AA1C4 /* CustomUICollectionViewCell.m in Sources */ = {isa = PBXBuildFile; fileRef = AFE84E2916548FCA000AA1C4 /* CustomUICollectionViewCell.m */; };
/* End PBXBuildFile section */

/* Begin PBXFileReference section */
		AF116A0E1654266000F8D45B /* flickrShare.app */ = {isa = PBXFileReference; explicitFileType = wrapper.application; includeInIndex = 0; path = flickrShare.app; sourceTree = BUILT_PRODUCTS_DIR; };
		AF116A121654266000F8D45B /* UIKit.framework */ = {isa = PBXFileReference; lastKnownFileType = wrapper.framework; name = UIKit.framework; path = System/Library/Frameworks/UIKit.framework; sourceTree = SDKROOT; };
		AF116A141654266000F8D45B /* Foundation.framework */ = {isa = PBXFileReference; lastKnownFileType = wrapper.framework; name = Foundation.framework; path = System/Library/Frameworks/Foundation.framework; sourceTree = SDKROOT; };
		AF116A161654266000F8D45B /* CoreGraphics.framework */ = {isa = PBXFileReference; lastKnownFileType = wrapper.framework; name = CoreGraphics.framework; path = System/Library/Frameworks/CoreGraphics.framework; sourceTree = SDKROOT; };
		AF116A1A1654266000F8D45B /* flickrShare-Info.plist */ = {isa = PBXFileReference; lastKnownFileType = text.plist.xml; path = "flickrShare-Info.plist"; sourceTree = "<group>"; };
		AF116A1C1654266000F8D45B /* en */ = {isa = PBXFileReference; lastKnownFileType = text.plist.strings; name = en; path = en.lproj/InfoPlist.strings; sourceTree = "<group>"; };
		AF116A1E1654266000F8D45B /* main.m */ = {isa = PBXFileReference; lastKnownFileType = sourcecode.c.objc; path = main.m; sourceTree = "<group>"; };
		AF116A201654266000F8D45B /* flickrShare-Prefix.pch */ = {isa = PBXFileReference; lastKnownFileType = sourcecode.c.h; path = "flickrShare-Prefix.pch"; sourceTree = "<group>"; };
		AF116A211654266000F8D45B /* _AppDelegate.h */ = {isa = PBXFileReference; lastKnownFileType = sourcecode.c.h; path = _AppDelegate.h; sourceTree = "<group>"; };
		AF116A221654266000F8D45B /* _AppDelegate.m */ = {isa = PBXFileReference; lastKnownFileType = sourcecode.c.objc; path = _AppDelegate.m; sourceTree = "<group>"; };
		AF116A241654266000F8D45B /* Default.png */ = {isa = PBXFileReference; lastKnownFileType = image.png; path = Default.png; sourceTree = "<group>"; };
		AF116A261654266000F8D45B /* Default@2x.png */ = {isa = PBXFileReference; lastKnownFileType = image.png; path = "Default@2x.png"; sourceTree = "<group>"; };
		AF116A281654266000F8D45B /* Default-568h@2x.png */ = {isa = PBXFileReference; lastKnownFileType = image.png; path = "Default-568h@2x.png"; sourceTree = "<group>"; };
		AF116A2B1654266000F8D45B /* en */ = {isa = PBXFileReference; lastKnownFileType = file.storyboard; name = en; path = en.lproj/MainStoryboard_iPhone.storyboard; sourceTree = "<group>"; };
		AF116A2E1654266000F8D45B /* en */ = {isa = PBXFileReference; lastKnownFileType = file.storyboard; name = en; path = en.lproj/MainStoryboard_iPad.storyboard; sourceTree = "<group>"; };
		AF116A301654266000F8D45B /* MainViewController.h */ = {isa = PBXFileReference; lastKnownFileType = sourcecode.c.h; path = MainViewController.h; sourceTree = "<group>"; };
		AF116A3816542A8C00F8D45B /* MainViewController.m */ = {isa = PBXFileReference; fileEncoding = 4; lastKnownFileType = sourcecode.c.objc; path = MainViewController.m; sourceTree = "<group>"; };
		AF116A3A16542B5F00F8D45B /* PhotoViewerViewController.h */ = {isa = PBXFileReference; fileEncoding = 4; lastKnownFileType = sourcecode.c.h; path = PhotoViewerViewController.h; sourceTree = "<group>"; };
		AF116A3B16542B5F00F8D45B /* PhotoViewerViewController.m */ = {isa = PBXFileReference; fileEncoding = 4; lastKnownFileType = sourcecode.c.objc; path = PhotoViewerViewController.m; sourceTree = "<group>"; };
		AF116A3C16542B5F00F8D45B /* PhotoViewerViewController.xib */ = {isa = PBXFileReference; fileEncoding = 4; lastKnownFileType = file.xib; path = PhotoViewerViewController.xib; sourceTree = "<group>"; };
		AF860D1816547D54004E05D2 /* DataManager.h */ = {isa = PBXFileReference; fileEncoding = 4; lastKnownFileType = sourcecode.c.h; path = DataManager.h; sourceTree = "<group>"; };
		AF860D1916547D54004E05D2 /* DataManager.m */ = {isa = PBXFileReference; fileEncoding = 4; lastKnownFileType = sourcecode.c.objc; path = DataManager.m; sourceTree = "<group>"; };
		AFB04F4116542EC000451D6E /* UIImage+imageFile.h */ = {isa = PBXFileReference; fileEncoding = 4; lastKnownFileType = sourcecode.c.h; path = "UIImage+imageFile.h"; sourceTree = "<group>"; };
		AFB04F4216542EC000451D6E /* UIImage+imageFile.m */ = {isa = PBXFileReference; fileEncoding = 4; lastKnownFileType = sourcecode.c.objc; path = "UIImage+imageFile.m"; sourceTree = "<group>"; };
		AFB04F5216543A6900451D6E /* background_linen.png */ = {isa = PBXFileReference; lastKnownFileType = image.png; name = background_linen.png; path = resources/background_linen.png; sourceTree = "<group>"; };
		AFB04F5316543A6900451D6E /* background_linen@2x.png */ = {isa = PBXFileReference; lastKnownFileType = image.png; name = "background_linen@2x.png"; path = "resources/background_linen@2x.png"; sourceTree = "<group>"; };
		AFB04F5516543A6900451D6E /* 1.jpg */ = {isa = PBXFileReference; lastKnownFileType = image.jpeg; path = 1.jpg; sourceTree = "<group>"; };
		AFB04F5616543A6900451D6E /* 2.jpg */ = {isa = PBXFileReference; lastKnownFileType = image.jpeg; path = 2.jpg; sourceTree = "<group>"; };
		AFB04F5716543A6900451D6E /* 3.jpg */ = {isa = PBXFileReference; lastKnownFileType = image.jpeg; path = 3.jpg; sourceTree = "<group>"; };
		AFB04F5816543A6900451D6E /* no_image.jpg */ = {isa = PBXFileReference; lastKnownFileType = image.jpeg; path = no_image.jpg; sourceTree = "<group>"; };
		AFB04F5916543A6900451D6E /* 5.jpg */ = {isa = PBXFileReference; lastKnownFileType = image.jpeg; path = 5.jpg; sourceTree = "<group>"; };
		AFB04F6116543AF300451D6E /* MediaItem.h */ = {isa = PBXFileReference; fileEncoding = 4; lastKnownFileType = sourcecode.c.h; path = MediaItem.h; sourceTree = "<group>"; };
		AFB04F6216543AF300451D6E /* MediaItem.m */ = {isa = PBXFileReference; fileEncoding = 4; lastKnownFileType = sourcecode.c.objc; path = MediaItem.m; sourceTree = "<group>"; };
		AFB04F6416543BEF00451D6E /* SyncManager.h */ = {isa = PBXFileReference; fileEncoding = 4; lastKnownFileType = sourcecode.c.h; path = SyncManager.h; sourceTree = "<group>"; };
		AFB04F6516543BEF00451D6E /* SyncManager.m */ = {isa = PBXFileReference; fileEncoding = 4; lastKnownFileType = sourcecode.c.objc; path = SyncManager.m; sourceTree = "<group>"; };
		AFB04FCD16543DAC00451D6E /* Reachability.h */ = {isa = PBXFileReference; fileEncoding = 4; lastKnownFileType = sourcecode.c.h; path = Reachability.h; sourceTree = "<group>"; };
		AFB04FCE16543DAC00451D6E /* Reachability.m */ = {isa = PBXFileReference; fileEncoding = 4; lastKnownFileType = sourcecode.c.objc; path = Reachability.m; sourceTree = "<group>"; };
		AFB04FF716543F5900451D6E /* SystemConfiguration.framework */ = {isa = PBXFileReference; lastKnownFileType = wrapper.framework; name = SystemConfiguration.framework; path = System/Library/Frameworks/SystemConfiguration.framework; sourceTree = SDKROOT; };
		AFB04FF9165441CF00451D6E /* GridViewController.h */ = {isa = PBXFileReference; fileEncoding = 4; lastKnownFileType = sourcecode.c.h; path = GridViewController.h; sourceTree = "<group>"; };
		AFB04FFA165441CF00451D6E /* GridViewController.m */ = {isa = PBXFileReference; fileEncoding = 4; lastKnownFileType = sourcecode.c.objc; path = GridViewController.m; sourceTree = "<group>"; };
		AFB051B81654532200451D6E /* SMWebRequest.h */ = {isa = PBXFileReference; fileEncoding = 4; lastKnownFileType = sourcecode.c.h; path = SMWebRequest.h; sourceTree = "<group>"; };
		AFB051B91654532200451D6E /* SMWebRequest.m */ = {isa = PBXFileReference; fileEncoding = 4; lastKnownFileType = sourcecode.c.objc; path = SMWebRequest.m; sourceTree = "<group>"; };
		AFB051BB1654579200451D6E /* SMXMLDocument.h */ = {isa = PBXFileReference; fileEncoding = 4; lastKnownFileType = sourcecode.c.h; path = SMXMLDocument.h; sourceTree = "<group>"; };
		AFB051BC1654579300451D6E /* SMXMLDocument.m */ = {isa = PBXFileReference; fileEncoding = 4; lastKnownFileType = sourcecode.c.objc; path = SMXMLDocument.m; sourceTree = "<group>"; };
		AFE84E2816548FCA000AA1C4 /* CustomUICollectionViewCell.h */ = {isa = PBXFileReference; fileEncoding = 4; lastKnownFileType = sourcecode.c.h; path = CustomUICollectionViewCell.h; sourceTree = "<group>"; };
		AFE84E2916548FCA000AA1C4 /* CustomUICollectionViewCell.m */ = {isa = PBXFileReference; fileEncoding = 4; lastKnownFileType = sourcecode.c.objc; path = CustomUICollectionViewCell.m; sourceTree = "<group>"; };
/* End PBXFileReference section */

/* Begin PBXFrameworksBuildPhase section */
		AF116A0B1654266000F8D45B /* Frameworks */ = {
			isa = PBXFrameworksBuildPhase;
			buildActionMask = 2147483647;
			files = (
				AFB050D3165446CB00451D6E /* SystemConfiguration.framework in Frameworks */,
				AF116A131654266000F8D45B /* UIKit.framework in Frameworks */,
				AF116A151654266000F8D45B /* Foundation.framework in Frameworks */,
				AF116A171654266000F8D45B /* CoreGraphics.framework in Frameworks */,
			);
			runOnlyForDeploymentPostprocessing = 0;
		};
/* End PBXFrameworksBuildPhase section */

/* Begin PBXGroup section */
		AF116A031654266000F8D45B = {
			isa = PBXGroup;
			children = (
				AF116A181654266000F8D45B /* flickrShare */,
				AF116A111654266000F8D45B /* Frameworks */,
				AF116A0F1654266000F8D45B /* Products */,
			);
			sourceTree = "<group>";
		};
		AF116A0F1654266000F8D45B /* Products */ = {
			isa = PBXGroup;
			children = (
				AF116A0E1654266000F8D45B /* flickrShare.app */,
			);
			name = Products;
			sourceTree = "<group>";
		};
		AF116A111654266000F8D45B /* Frameworks */ = {
			isa = PBXGroup;
			children = (
				AFB04FF716543F5900451D6E /* SystemConfiguration.framework */,
				AF116A121654266000F8D45B /* UIKit.framework */,
				AF116A141654266000F8D45B /* Foundation.framework */,
				AF116A161654266000F8D45B /* CoreGraphics.framework */,
			);
			name = Frameworks;
			sourceTree = "<group>";
		};
		AF116A181654266000F8D45B /* flickrShare */ = {
			isa = PBXGroup;
			children = (
				AFB04F51165439C000451D6E /* resources */,
				AF116A211654266000F8D45B /* _AppDelegate.h */,
				AF116A221654266000F8D45B /* _AppDelegate.m */,
				AFB04FF9165441CF00451D6E /* GridViewController.h */,
				AFB04FFA165441CF00451D6E /* GridViewController.m */,
				AFE84E2816548FCA000AA1C4 /* CustomUICollectionViewCell.h */,
				AFE84E2916548FCA000AA1C4 /* CustomUICollectionViewCell.m */,
				AFB051B81654532200451D6E /* SMWebRequest.h */,
				AFB051B91654532200451D6E /* SMWebRequest.m */,
				AFB051BB1654579200451D6E /* SMXMLDocument.h */,
				AFB051BC1654579300451D6E /* SMXMLDocument.m */,
				AF860D1816547D54004E05D2 /* DataManager.h */,
				AF860D1916547D54004E05D2 /* DataManager.m */,
				AFB04F6416543BEF00451D6E /* SyncManager.h */,
				AFB04F6516543BEF00451D6E /* SyncManager.m */,
				AFB04F6116543AF300451D6E /* MediaItem.h */,
				AFB04F6216543AF300451D6E /* MediaItem.m */,
				AF116A2A1654266000F8D45B /* MainStoryboard_iPhone.storyboard */,
				AF116A2D1654266000F8D45B /* MainStoryboard_iPad.storyboard */,
				AF116A301654266000F8D45B /* MainViewController.h */,
				AF116A3816542A8C00F8D45B /* MainViewController.m */,
				AF116A3A16542B5F00F8D45B /* PhotoViewerViewController.h */,
				AF116A3B16542B5F00F8D45B /* PhotoViewerViewController.m */,
				AF116A3C16542B5F00F8D45B /* PhotoViewerViewController.xib */,
				AFB04F4116542EC000451D6E /* UIImage+imageFile.h */,
				AFB04F4216542EC000451D6E /* UIImage+imageFile.m */,
				AFB04FAB16543DAC00451D6E /* reachability */,
				AF116A191654266000F8D45B /* Supporting Files */,
			);
			path = flickrShare;
			sourceTree = "<group>";
		};
		AF116A191654266000F8D45B /* Supporting Files */ = {
			isa = PBXGroup;
			children = (
				AF116A1A1654266000F8D45B /* flickrShare-Info.plist */,
				AF116A1B1654266000F8D45B /* InfoPlist.strings */,
				AF116A1E1654266000F8D45B /* main.m */,
				AF116A201654266000F8D45B /* flickrShare-Prefix.pch */,
				AF116A241654266000F8D45B /* Default.png */,
				AF116A261654266000F8D45B /* Default@2x.png */,
				AF116A281654266000F8D45B /* Default-568h@2x.png */,
			);
			name = "Supporting Files";
			sourceTree = "<group>";
		};
		AFB04F51165439C000451D6E /* resources */ = {
			isa = PBXGroup;
			children = (
				AFB04F5216543A6900451D6E /* background_linen.png */,
				AFB04F5316543A6900451D6E /* background_linen@2x.png */,
				AFB04F5416543A6900451D6E /* sample images */,
			);
			name = resources;
			sourceTree = "<group>";
		};
		AFB04F5416543A6900451D6E /* sample images */ = {
			isa = PBXGroup;
			children = (
				AFB04F5516543A6900451D6E /* 1.jpg */,
				AFB04F5616543A6900451D6E /* 2.jpg */,
				AFB04F5716543A6900451D6E /* 3.jpg */,
				AFB04F5816543A6900451D6E /* no_image.jpg */,
				AFB04F5916543A6900451D6E /* 5.jpg */,
			);
			name = "sample images";
			path = "resources/sample images";
			sourceTree = "<group>";
		};
		AFB04FAB16543DAC00451D6E /* reachability */ = {
			isa = PBXGroup;
			children = (
				AFB04FCD16543DAC00451D6E /* Reachability.h */,
				AFB04FCE16543DAC00451D6E /* Reachability.m */,
			);
			path = reachability;
			sourceTree = "<group>";
		};
/* End PBXGroup section */

/* Begin PBXNativeTarget section */
		AF116A0D1654266000F8D45B /* flickrShare */ = {
			isa = PBXNativeTarget;
			buildConfigurationList = AF116A351654266000F8D45B /* Build configuration list for PBXNativeTarget "flickrShare" */;
			buildPhases = (
				AF116A0A1654266000F8D45B /* Sources */,
				AF116A0B1654266000F8D45B /* Frameworks */,
				AF116A0C1654266000F8D45B /* Resources */,
			);
			buildRules = (
			);
			dependencies = (
			);
			name = flickrShare;
			productName = flickrShare;
			productReference = AF116A0E1654266000F8D45B /* flickrShare.app */;
			productType = "com.apple.product-type.application";
		};
/* End PBXNativeTarget section */

/* Begin PBXProject section */
		AF116A051654266000F8D45B /* Project object */ = {
			isa = PBXProject;
			attributes = {
				CLASSPREFIX = 1;
				LastUpgradeCheck = 0450;
				ORGANIZATIONNAME = master;
			};
			buildConfigurationList = AF116A081654266000F8D45B /* Build configuration list for PBXProject "flickrShare" */;
			compatibilityVersion = "Xcode 3.2";
			developmentRegion = English;
			hasScannedForEncodings = 0;
			knownRegions = (
				en,
			);
			mainGroup = AF116A031654266000F8D45B;
			productRefGroup = AF116A0F1654266000F8D45B /* Products */;
			projectDirPath = "";
			projectRoot = "";
			targets = (
				AF116A0D1654266000F8D45B /* flickrShare */,
			);
		};
/* End PBXProject section */

/* Begin PBXResourcesBuildPhase section */
		AF116A0C1654266000F8D45B /* Resources */ = {
			isa = PBXResourcesBuildPhase;
			buildActionMask = 2147483647;
			files = (
				AF116A1D1654266000F8D45B /* InfoPlist.strings in Resources */,
				AF116A251654266000F8D45B /* Default.png in Resources */,
				AF116A271654266000F8D45B /* Default@2x.png in Resources */,
				AF116A291654266000F8D45B /* Default-568h@2x.png in Resources */,
				AF116A2C1654266000F8D45B /* MainStoryboard_iPhone.storyboard in Resources */,
				AF116A2F1654266000F8D45B /* MainStoryboard_iPad.storyboard in Resources */,
				AF116A3E16542B5F00F8D45B /* PhotoViewerViewController.xib in Resources */,
				AFB04F5A16543A6900451D6E /* background_linen.png in Resources */,
				AFB04F5B16543A6900451D6E /* background_linen@2x.png in Resources */,
				AFB04F5C16543A6900451D6E /* 1.jpg in Resources */,
				AFB04F5D16543A6900451D6E /* 2.jpg in Resources */,
				AFB04F5E16543A6900451D6E /* 3.jpg in Resources */,
				AFB04F5F16543A6900451D6E /* no_image.jpg in Resources */,
				AFB04F6016543A6900451D6E /* 5.jpg in Resources */,
			);
			runOnlyForDeploymentPostprocessing = 0;
		};
/* End PBXResourcesBuildPhase section */

/* Begin PBXSourcesBuildPhase section */
		AF116A0A1654266000F8D45B /* Sources */ = {
			isa = PBXSourcesBuildPhase;
			buildActionMask = 2147483647;
			files = (
				AF116A1F1654266000F8D45B /* main.m in Sources */,
				AF116A231654266000F8D45B /* _AppDelegate.m in Sources */,
				AF116A3916542A8C00F8D45B /* MainViewController.m in Sources */,
				AF116A3D16542B5F00F8D45B /* PhotoViewerViewController.m in Sources */,
				AFB04F4316542EC000451D6E /* UIImage+imageFile.m in Sources */,
				AFB04F6316543AF300451D6E /* MediaItem.m in Sources */,
				AFB04F6616543BF000451D6E /* SyncManager.m in Sources */,
				AFB04FE616543DAC00451D6E /* Reachability.m in Sources */,
				AFB04FFC165441D100451D6E /* GridViewController.m in Sources */,
				AFB051BA1654532200451D6E /* SMWebRequest.m in Sources */,
				AFB051BD1654579400451D6E /* SMXMLDocument.m in Sources */,
				AF860D1A16547D54004E05D2 /* DataManager.m in Sources */,
				AFE84E2A16548FCA000AA1C4 /* CustomUICollectionViewCell.m in Sources */,
			);
			runOnlyForDeploymentPostprocessing = 0;
		};
/* End PBXSourcesBuildPhase section */

/* Begin PBXVariantGroup section */
		AF116A1B1654266000F8D45B /* InfoPlist.strings */ = {
			isa = PBXVariantGroup;
			children = (
				AF116A1C1654266000F8D45B /* en */,
			);
			name = InfoPlist.strings;
			sourceTree = "<group>";
		};
		AF116A2A1654266000F8D45B /* MainStoryboard_iPhone.storyboard */ = {
			isa = PBXVariantGroup;
			children = (
				AF116A2B1654266000F8D45B /* en */,
			);
			name = MainStoryboard_iPhone.storyboard;
			sourceTree = "<group>";
		};
		AF116A2D1654266000F8D45B /* MainStoryboard_iPad.storyboard */ = {
			isa = PBXVariantGroup;
			children = (
				AF116A2E1654266000F8D45B /* en */,
			);
			name = MainStoryboard_iPad.storyboard;
			sourceTree = "<group>";
		};
/* End PBXVariantGroup section */

/* Begin XCBuildConfiguration section */
		AF116A331654266000F8D45B /* Debug */ = {
			isa = XCBuildConfiguration;
			buildSettings = {
				ALWAYS_SEARCH_USER_PATHS = NO;
				CLANG_CXX_LANGUAGE_STANDARD = "gnu++0x";
				CLANG_CXX_LIBRARY = "libc++";
				CLANG_ENABLE_OBJC_ARC = YES;
				CLANG_WARN_EMPTY_BODY = YES;
				CLANG_WARN__DUPLICATE_METHOD_MATCH = YES;
				"CODE_SIGN_IDENTITY[sdk=iphoneos*]" = "iPhone Developer";
				COPY_PHASE_STRIP = NO;
				GCC_C_LANGUAGE_STANDARD = gnu99;
				GCC_DYNAMIC_NO_PIC = NO;
				GCC_OPTIMIZATION_LEVEL = 0;
				GCC_PREPROCESSOR_DEFINITIONS = (
					"DEBUG=1",
					"$(inherited)",
				);
				GCC_SYMBOLS_PRIVATE_EXTERN = NO;
				GCC_WARN_ABOUT_RETURN_TYPE = YES;
				GCC_WARN_UNINITIALIZED_AUTOS = YES;
				GCC_WARN_UNUSED_VARIABLE = YES;
				HEADER_SEARCH_PATHS = KKGridView;
				IPHONEOS_DEPLOYMENT_TARGET = 6.0;
				SDKROOT = iphoneos;
				TARGETED_DEVICE_FAMILY = "1,2";
			};
			name = Debug;
		};
		AF116A341654266000F8D45B /* Release */ = {
			isa = XCBuildConfiguration;
			buildSettings = {
				ALWAYS_SEARCH_USER_PATHS = NO;
				CLANG_CXX_LANGUAGE_STANDARD = "gnu++0x";
				CLANG_CXX_LIBRARY = "libc++";
				CLANG_ENABLE_OBJC_ARC = YES;
				CLANG_WARN_EMPTY_BODY = YES;
				CLANG_WARN__DUPLICATE_METHOD_MATCH = YES;
				"CODE_SIGN_IDENTITY[sdk=iphoneos*]" = "iPhone Developer";
				COPY_PHASE_STRIP = YES;
				GCC_C_LANGUAGE_STANDARD = gnu99;
				GCC_WARN_ABOUT_RETURN_TYPE = YES;
				GCC_WARN_UNINITIALIZED_AUTOS = YES;
				GCC_WARN_UNUSED_VARIABLE = YES;
				HEADER_SEARCH_PATHS = KKGridView;
				IPHONEOS_DEPLOYMENT_TARGET = 6.0;
				OTHER_CFLAGS = "-DNS_BLOCK_ASSERTIONS=1";
				SDKROOT = iphoneos;
				TARGETED_DEVICE_FAMILY = "1,2";
				VALIDATE_PRODUCT = YES;
			};
			name = Release;
		};
		AF116A361654266000F8D45B /* Debug */ = {
			isa = XCBuildConfiguration;
			buildSettings = {
				GCC_PRECOMPILE_PREFIX_HEADER = YES;
				GCC_PREFIX_HEADER = "flickrShare/flickrShare-Prefix.pch";
				HEADER_SEARCH_PATHS = KKGridView;
				INFOPLIST_FILE = "flickrShare/flickrShare-Info.plist";
				"OTHER_CFLAGS[arch=*]" = "";
				PRODUCT_NAME = "$(TARGET_NAME)";
				WRAPPER_EXTENSION = app;
			};
			name = Debug;
		};
		AF116A371654266000F8D45B /* Release */ = {
			isa = XCBuildConfiguration;
			buildSettings = {
				GCC_PRECOMPILE_PREFIX_HEADER = YES;
				GCC_PREFIX_HEADER = "flickrShare/flickrShare-Prefix.pch";
				HEADER_SEARCH_PATHS = KKGridView;
				INFOPLIST_FILE = "flickrShare/flickrShare-Info.plist";
				PRODUCT_NAME = "$(TARGET_NAME)";
				WRAPPER_EXTENSION = app;
			};
			name = Release;
		};
/* End XCBuildConfiguration section */

/* Begin XCConfigurationList section */
		AF116A081654266000F8D45B /* Build configuration list for PBXProject "flickrShare" */ = {
			isa = XCConfigurationList;
			buildConfigurations = (
				AF116A331654266000F8D45B /* Debug */,
				AF116A341654266000F8D45B /* Release */,
			);
			defaultConfigurationIsVisible = 0;
			defaultConfigurationName = Release;
		};
		AF116A351654266000F8D45B /* Build configuration list for PBXNativeTarget "flickrShare" */ = {
			isa = XCConfigurationList;
			buildConfigurations = (
				AF116A361654266000F8D45B /* Debug */,
				AF116A371654266000F8D45B /* Release */,
			);
			defaultConfigurationIsVisible = 0;
			defaultConfigurationName = Release;
		};
/* End XCConfigurationList section */
	};
	rootObject = AF116A051654266000F8D45B /* Project object */;
}
